
Microsoft Visual Studio Solution File, Format Version 12.00
# Visual Studio 15
VisualStudioVersion = 15.0.27702.1
MinimumVisualStudioVersion = 10.0.40219.1
Project("{FAE04EC0-301F-11D3-BF4B-00C04F79EFBC}") = "WebViewSamples.Forms.WebViewControlProcessHelper", "WebViewSamples.Forms.WebViewControlProcessHelper\WebViewSamples.Forms.WebViewControlProcessHelper.csproj", "{75099650-3CB8-4354-B672-0D93ADB54449}"
EndProject
Project("{FAE04EC0-301F-11D3-BF4B-00C04F79EFBC}") = "WebViewSamples.Forms.WebViewControlProcess", "WebViewSamples.Forms.WebViewControlProcess\WebViewSamples.Forms.WebViewControlProcess.csproj", "{4ABC8542-A64F-4648-B6FE-0F0C11370B07}"
EndProject
Project("{FAE04EC0-301F-11D3-BF4B-00C04F79EFBC}") = "WebViewSamples.Forms.Designer", "WebViewSamples.Forms.Designer\WebViewSamples.Forms.Designer.csproj", "{D7FD7BEA-D6FC-4F76-8636-72BB3104C5DF}"
EndProject
Project("{FAE04EC0-301F-11D3-BF4B-00C04F79EFBC}") = "WebViewSamples.WPF.WebViewControlProcessHelper", "WebViewSamples.WPF.WebViewControlProcessHelper\WebViewSamples.WPF.WebViewControlProcessHelper.csproj", "{3F07B706-0CB7-4F0A-968D-743E5B9D6A89}"
EndProject
Project("{FAE04EC0-301F-11D3-BF4B-00C04F79EFBC}") = "WebViewSamples.WPF.WebViewControlProcessHelperAsync", "WebViewSamples.WPF.WebViewControlProcessHelperAsync\WebViewSamples.WPF.WebViewControlProcessHelperAsync.csproj", "{2D9B3404-D404-4F60-889D-528D05E10C21}"
EndProject
Project("{FAE04EC0-301F-11D3-BF4B-00C04F79EFBC}") = "WebViewSamples.WPF.WebViewControlProcess", "WebViewSamples.WPF.WebViewControlProcess\WebViewSamples.WPF.WebViewControlProcess.csproj", "{E7E56C4D-049A-4883-B1A9-AEF4F8E4894B}"
EndProject
Project("{FAE04EC0-301F-11D3-BF4B-00C04F79EFBC}") = "WebViewSamples.WPF.Designer", "WebViewSamples.WPF.Designer\WebViewSamples.WPF.Designer.csproj", "{9833494F-B1E2-4A25-863A-303C0EC80287}"
EndProject
Project("{FAE04EC0-301F-11D3-BF4B-00C04F79EFBC}") = "WebViewSamples.Forms.NoDesigner", "WebViewSamples.Forms.NoDesigner\WebViewSamples.Forms.NoDesigner.csproj", "{8F4D5F89-4F54-46B6-B369-E7E40D393AE2}"
EndProject
Project("{FAE04EC0-301F-11D3-BF4B-00C04F79EFBC}") = "WebViewSamples.WPF.DesktopBridge", "Microsoft.Toolkit.Win32.Samples.WPF.WebView\WebViewSamples.WPF.DesktopBridge.csproj", "{2FE9AA6A-BD27-438F-9941-221033E4A1DD}"
EndProject
Project("{C7167F0D-BC9F-4E6E-AFE1-012C56B48DB5}") = "WebViewSamples.WPF.DesktopBridge.WAP", "Wap\WebViewSamples.WPF.DesktopBridge.WAP.wapproj", "{5C665383-41AC-451B-9ECE-FF9768CAF243}"
EndProject
Project("{FAE04EC0-301F-11D3-BF4B-00C04F79EFBC}") = "WebViewSamples.Forms.NoDesigner.SharedProc", "WebViewSamples.Forms.NoDesigner.SharedProc\WebViewSamples.Forms.NoDesigner.SharedProc.csproj", "{71E21926-A9BC-4B55-B804-91BEA35625D4}"
EndProject
Project("{8BC9CEB8-8B4A-11D0-8D11-00A0C91BC942}") = "Win32WebViewSampleApp", "WebViewSamples.Win32\Win32WebViewSampleApp.vcxproj", "{42C24A77-C776-40BD-8473-CAE838B40068}"
EndProject
Project("{FAE04EC0-301F-11D3-BF4B-00C04F79EFBC}") = "WebViewSamples.Forms.Favicons", "WebViewSamples.Forms.Favicons\WebViewSamples.Forms.Favicons.csproj", "{43CF0829-D8A9-4F49-8191-A746BD91D647}"
EndProject
Project("{8BC9CEB8-8B4A-11D0-8D11-00A0C91BC942}") = "Win32cppwinrtWebViewSampleApp", "WebViewSample.Win32.cppwinrt\Win32cppwinrtWebViewSampleApp.vcxproj", "{C6E3759C-93BE-47EC-8A29-BE16B093DDA6}"
EndProject
Project("{FAE04EC0-301F-11D3-BF4B-00C04F79EFBC}") = "Microsoft.Toolkit.Win32.Samples.WinForms.WebView", "Microsoft.Toolkit.Win32.Samples.WinForms.WebView\Microsoft.Toolkit.Win32.Samples.WinForms.WebView.csproj", "{D103E448-64B1-407C-B09E-7C61AF9F2740}"
EndProject
Project("{C7167F0D-BC9F-4E6E-AFE1-012C56B48DB5}") = "WebViewSamples.WinForms.DesktopBridge.WAP", "WebViewSamples.WinForms.DesktopBridge.WAP\WebViewSamples.WinForms.DesktopBridge.WAP.wapproj", "{23442E02-34DA-4FC8-B49E-BF0B4625AA74}"
EndProject
Project("{FAE04EC0-301F-11D3-BF4B-00C04F79EFBC}") = "WebViewSamples.Forms.MultipleWebViews", "WebViewSamples.Forms.MultipleWebViews\WebViewSamples.Forms.MultipleWebViews.csproj", "{08EE70C2-676D-425B-9633-1C9B84605562}"
EndProject
Global
	GlobalSection(SolutionConfigurationPlatforms) = preSolution
		Debug|Any CPU = Debug|Any CPU
		Debug|Win32 = Debug|Win32
		Debug|x64 = Debug|x64
		Debug|x86 = Debug|x86
		Release|Any CPU = Release|Any CPU
		Release|Win32 = Release|Win32
		Release|x64 = Release|x64
		Release|x86 = Release|x86
	EndGlobalSection
	GlobalSection(ProjectConfigurationPlatforms) = postSolution
		{75099650-3CB8-4354-B672-0D93ADB54449}.Debug|Any CPU.ActiveCfg = Debug|Any CPU
		{75099650-3CB8-4354-B672-0D93ADB54449}.Debug|Any CPU.Build.0 = Debug|Any CPU
		{75099650-3CB8-4354-B672-0D93ADB54449}.Debug|Win32.ActiveCfg = Debug|Any CPU
		{75099650-3CB8-4354-B672-0D93ADB54449}.Debug|x64.ActiveCfg = Debug|Any CPU
		{75099650-3CB8-4354-B672-0D93ADB54449}.Debug|x64.Build.0 = Debug|Any CPU
		{75099650-3CB8-4354-B672-0D93ADB54449}.Debug|x86.ActiveCfg = Debug|Any CPU
		{75099650-3CB8-4354-B672-0D93ADB54449}.Debug|x86.Build.0 = Debug|Any CPU
		{75099650-3CB8-4354-B672-0D93ADB54449}.Release|Any CPU.ActiveCfg = Release|Any CPU
		{75099650-3CB8-4354-B672-0D93ADB54449}.Release|Any CPU.Build.0 = Release|Any CPU
		{75099650-3CB8-4354-B672-0D93ADB54449}.Release|Win32.ActiveCfg = Release|Any CPU
		{75099650-3CB8-4354-B672-0D93ADB54449}.Release|x64.ActiveCfg = Release|Any CPU
		{75099650-3CB8-4354-B672-0D93ADB54449}.Release|x64.Build.0 = Release|Any CPU
		{75099650-3CB8-4354-B672-0D93ADB54449}.Release|x86.ActiveCfg = Release|Any CPU
		{75099650-3CB8-4354-B672-0D93ADB54449}.Release|x86.Build.0 = Release|Any CPU
		{4ABC8542-A64F-4648-B6FE-0F0C11370B07}.Debug|Any CPU.ActiveCfg = Debug|Any CPU
		{4ABC8542-A64F-4648-B6FE-0F0C11370B07}.Debug|Any CPU.Build.0 = Debug|Any CPU
		{4ABC8542-A64F-4648-B6FE-0F0C11370B07}.Debug|Win32.ActiveCfg = Debug|Any CPU
		{4ABC8542-A64F-4648-B6FE-0F0C11370B07}.Debug|x64.ActiveCfg = Debug|Any CPU
		{4ABC8542-A64F-4648-B6FE-0F0C11370B07}.Debug|x64.Build.0 = Debug|Any CPU
		{4ABC8542-A64F-4648-B6FE-0F0C11370B07}.Debug|x86.ActiveCfg = Debug|Any CPU
		{4ABC8542-A64F-4648-B6FE-0F0C11370B07}.Debug|x86.Build.0 = Debug|Any CPU
		{4ABC8542-A64F-4648-B6FE-0F0C11370B07}.Release|Any CPU.ActiveCfg = Release|Any CPU
		{4ABC8542-A64F-4648-B6FE-0F0C11370B07}.Release|Any CPU.Build.0 = Release|Any CPU
		{4ABC8542-A64F-4648-B6FE-0F0C11370B07}.Release|Win32.ActiveCfg = Release|Any CPU
		{4ABC8542-A64F-4648-B6FE-0F0C11370B07}.Release|x64.ActiveCfg = Release|Any CPU
		{4ABC8542-A64F-4648-B6FE-0F0C11370B07}.Release|x64.Build.0 = Release|Any CPU
		{4ABC8542-A64F-4648-B6FE-0F0C11370B07}.Release|x86.ActiveCfg = Release|Any CPU
		{4ABC8542-A64F-4648-B6FE-0F0C11370B07}.Release|x86.Build.0 = Release|Any CPU
		{D7FD7BEA-D6FC-4F76-8636-72BB3104C5DF}.Debug|Any CPU.ActiveCfg = Debug|Any CPU
		{D7FD7BEA-D6FC-4F76-8636-72BB3104C5DF}.Debug|Any CPU.Build.0 = Debug|Any CPU
		{D7FD7BEA-D6FC-4F76-8636-72BB3104C5DF}.Debug|Win32.ActiveCfg = Debug|Any CPU
		{D7FD7BEA-D6FC-4F76-8636-72BB3104C5DF}.Debug|x64.ActiveCfg = Debug|Any CPU
		{D7FD7BEA-D6FC-4F76-8636-72BB3104C5DF}.Debug|x64.Build.0 = Debug|Any CPU
		{D7FD7BEA-D6FC-4F76-8636-72BB3104C5DF}.Debug|x86.ActiveCfg = Debug|Any CPU
		{D7FD7BEA-D6FC-4F76-8636-72BB3104C5DF}.Debug|x86.Build.0 = Debug|Any CPU
		{D7FD7BEA-D6FC-4F76-8636-72BB3104C5DF}.Release|Any CPU.ActiveCfg = Release|Any CPU
		{D7FD7BEA-D6FC-4F76-8636-72BB3104C5DF}.Release|Any CPU.Build.0 = Release|Any CPU
		{D7FD7BEA-D6FC-4F76-8636-72BB3104C5DF}.Release|Win32.ActiveCfg = Release|Any CPU
		{D7FD7BEA-D6FC-4F76-8636-72BB3104C5DF}.Release|Win32.Build.0 = Release|Any CPU
		{D7FD7BEA-D6FC-4F76-8636-72BB3104C5DF}.Release|x64.ActiveCfg = Release|Any CPU
		{D7FD7BEA-D6FC-4F76-8636-72BB3104C5DF}.Release|x64.Build.0 = Release|Any CPU
		{D7FD7BEA-D6FC-4F76-8636-72BB3104C5DF}.Release|x86.ActiveCfg = Release|Any CPU
		{D7FD7BEA-D6FC-4F76-8636-72BB3104C5DF}.Release|x86.Build.0 = Release|Any CPU
		{3F07B706-0CB7-4F0A-968D-743E5B9D6A89}.Debug|Any CPU.ActiveCfg = Debug|Any CPU
		{3F07B706-0CB7-4F0A-968D-743E5B9D6A89}.Debug|Any CPU.Build.0 = Debug|Any CPU
		{3F07B706-0CB7-4F0A-968D-743E5B9D6A89}.Debug|Win32.ActiveCfg = Debug|Any CPU
		{3F07B706-0CB7-4F0A-968D-743E5B9D6A89}.Debug|x64.ActiveCfg = Debug|Any CPU
		{3F07B706-0CB7-4F0A-968D-743E5B9D6A89}.Debug|x64.Build.0 = Debug|Any CPU
		{3F07B706-0CB7-4F0A-968D-743E5B9D6A89}.Debug|x86.ActiveCfg = Debug|Any CPU
		{3F07B706-0CB7-4F0A-968D-743E5B9D6A89}.Debug|x86.Build.0 = Debug|Any CPU
		{3F07B706-0CB7-4F0A-968D-743E5B9D6A89}.Release|Any CPU.ActiveCfg = Release|Any CPU
		{3F07B706-0CB7-4F0A-968D-743E5B9D6A89}.Release|Any CPU.Build.0 = Release|Any CPU
		{3F07B706-0CB7-4F0A-968D-743E5B9D6A89}.Release|Win32.ActiveCfg = Release|Any CPU
		{3F07B706-0CB7-4F0A-968D-743E5B9D6A89}.Release|x64.ActiveCfg = Release|Any CPU
		{3F07B706-0CB7-4F0A-968D-743E5B9D6A89}.Release|x64.Build.0 = Release|Any CPU
		{3F07B706-0CB7-4F0A-968D-743E5B9D6A89}.Release|x86.ActiveCfg = Release|Any CPU
		{3F07B706-0CB7-4F0A-968D-743E5B9D6A89}.Release|x86.Build.0 = Release|Any CPU
		{2D9B3404-D404-4F60-889D-528D05E10C21}.Debug|Any CPU.ActiveCfg = Debug|Any CPU
		{2D9B3404-D404-4F60-889D-528D05E10C21}.Debug|Any CPU.Build.0 = Debug|Any CPU
		{2D9B3404-D404-4F60-889D-528D05E10C21}.Debug|Win32.ActiveCfg = Debug|Any CPU
		{2D9B3404-D404-4F60-889D-528D05E10C21}.Debug|x64.ActiveCfg = Debug|Any CPU
		{2D9B3404-D404-4F60-889D-528D05E10C21}.Debug|x64.Build.0 = Debug|Any CPU
		{2D9B3404-D404-4F60-889D-528D05E10C21}.Debug|x86.ActiveCfg = Debug|Any CPU
		{2D9B3404-D404-4F60-889D-528D05E10C21}.Debug|x86.Build.0 = Debug|Any CPU
		{2D9B3404-D404-4F60-889D-528D05E10C21}.Release|Any CPU.ActiveCfg = Release|Any CPU
		{2D9B3404-D404-4F60-889D-528D05E10C21}.Release|Any CPU.Build.0 = Release|Any CPU
		{2D9B3404-D404-4F60-889D-528D05E10C21}.Release|Win32.ActiveCfg = Release|Any CPU
		{2D9B3404-D404-4F60-889D-528D05E10C21}.Release|x64.ActiveCfg = Release|Any CPU
		{2D9B3404-D404-4F60-889D-528D05E10C21}.Release|x64.Build.0 = Release|Any CPU
		{2D9B3404-D404-4F60-889D-528D05E10C21}.Release|x86.ActiveCfg = Release|Any CPU
		{2D9B3404-D404-4F60-889D-528D05E10C21}.Release|x86.Build.0 = Release|Any CPU
		{E7E56C4D-049A-4883-B1A9-AEF4F8E4894B}.Debug|Any CPU.ActiveCfg = Debug|Any CPU
		{E7E56C4D-049A-4883-B1A9-AEF4F8E4894B}.Debug|Any CPU.Build.0 = Debug|Any CPU
		{E7E56C4D-049A-4883-B1A9-AEF4F8E4894B}.Debug|Win32.ActiveCfg = Debug|Any CPU
		{E7E56C4D-049A-4883-B1A9-AEF4F8E4894B}.Debug|x64.ActiveCfg = Debug|Any CPU
		{E7E56C4D-049A-4883-B1A9-AEF4F8E4894B}.Debug|x64.Build.0 = Debug|Any CPU
		{E7E56C4D-049A-4883-B1A9-AEF4F8E4894B}.Debug|x86.ActiveCfg = Debug|Any CPU
		{E7E56C4D-049A-4883-B1A9-AEF4F8E4894B}.Debug|x86.Build.0 = Debug|Any CPU
		{E7E56C4D-049A-4883-B1A9-AEF4F8E4894B}.Release|Any CPU.ActiveCfg = Release|Any CPU
		{E7E56C4D-049A-4883-B1A9-AEF4F8E4894B}.Release|Any CPU.Build.0 = Release|Any CPU
		{E7E56C4D-049A-4883-B1A9-AEF4F8E4894B}.Release|Win32.ActiveCfg = Release|Any CPU
		{E7E56C4D-049A-4883-B1A9-AEF4F8E4894B}.Release|x64.ActiveCfg = Release|Any CPU
		{E7E56C4D-049A-4883-B1A9-AEF4F8E4894B}.Release|x64.Build.0 = Release|Any CPU
		{E7E56C4D-049A-4883-B1A9-AEF4F8E4894B}.Release|x86.ActiveCfg = Release|Any CPU
		{E7E56C4D-049A-4883-B1A9-AEF4F8E4894B}.Release|x86.Build.0 = Release|Any CPU
		{9833494F-B1E2-4A25-863A-303C0EC80287}.Debug|Any CPU.ActiveCfg = Debug|Any CPU
		{9833494F-B1E2-4A25-863A-303C0EC80287}.Debug|Any CPU.Build.0 = Debug|Any CPU
		{9833494F-B1E2-4A25-863A-303C0EC80287}.Debug|Win32.ActiveCfg = Debug|Any CPU
		{9833494F-B1E2-4A25-863A-303C0EC80287}.Debug|x64.ActiveCfg = Debug|Any CPU
		{9833494F-B1E2-4A25-863A-303C0EC80287}.Debug|x64.Build.0 = Debug|Any CPU
		{9833494F-B1E2-4A25-863A-303C0EC80287}.Debug|x86.ActiveCfg = Debug|Any CPU
		{9833494F-B1E2-4A25-863A-303C0EC80287}.Debug|x86.Build.0 = Debug|Any CPU
		{9833494F-B1E2-4A25-863A-303C0EC80287}.Release|Any CPU.ActiveCfg = Release|Any CPU
		{9833494F-B1E2-4A25-863A-303C0EC80287}.Release|Any CPU.Build.0 = Release|Any CPU
		{9833494F-B1E2-4A25-863A-303C0EC80287}.Release|Win32.ActiveCfg = Release|Any CPU
		{9833494F-B1E2-4A25-863A-303C0EC80287}.Release|Win32.Build.0 = Release|Any CPU
		{9833494F-B1E2-4A25-863A-303C0EC80287}.Release|x64.ActiveCfg = Release|Any CPU
		{9833494F-B1E2-4A25-863A-303C0EC80287}.Release|x64.Build.0 = Release|Any CPU
		{9833494F-B1E2-4A25-863A-303C0EC80287}.Release|x86.ActiveCfg = Release|Any CPU
		{9833494F-B1E2-4A25-863A-303C0EC80287}.Release|x86.Build.0 = Release|Any CPU
		{8F4D5F89-4F54-46B6-B369-E7E40D393AE2}.Debug|Any CPU.ActiveCfg = Debug|Any CPU
		{8F4D5F89-4F54-46B6-B369-E7E40D393AE2}.Debug|Any CPU.Build.0 = Debug|Any CPU
		{8F4D5F89-4F54-46B6-B369-E7E40D393AE2}.Debug|Win32.ActiveCfg = Debug|Any CPU
		{8F4D5F89-4F54-46B6-B369-E7E40D393AE2}.Debug|x64.ActiveCfg = Debug|Any CPU
		{8F4D5F89-4F54-46B6-B369-E7E40D393AE2}.Debug|x64.Build.0 = Debug|Any CPU
		{8F4D5F89-4F54-46B6-B369-E7E40D393AE2}.Debug|x86.ActiveCfg = Debug|Any CPU
		{8F4D5F89-4F54-46B6-B369-E7E40D393AE2}.Debug|x86.Build.0 = Debug|Any CPU
		{8F4D5F89-4F54-46B6-B369-E7E40D393AE2}.Release|Any CPU.ActiveCfg = Release|Any CPU
		{8F4D5F89-4F54-46B6-B369-E7E40D393AE2}.Release|Any CPU.Build.0 = Release|Any CPU
		{8F4D5F89-4F54-46B6-B369-E7E40D393AE2}.Release|Win32.ActiveCfg = Release|Any CPU
		{8F4D5F89-4F54-46B6-B369-E7E40D393AE2}.Release|Win32.Build.0 = Release|Any CPU
		{8F4D5F89-4F54-46B6-B369-E7E40D393AE2}.Release|x64.ActiveCfg = Release|Any CPU
		{8F4D5F89-4F54-46B6-B369-E7E40D393AE2}.Release|x64.Build.0 = Release|Any CPU
		{8F4D5F89-4F54-46B6-B369-E7E40D393AE2}.Release|x86.ActiveCfg = Release|Any CPU
		{8F4D5F89-4F54-46B6-B369-E7E40D393AE2}.Release|x86.Build.0 = Release|Any CPU
		{2FE9AA6A-BD27-438F-9941-221033E4A1DD}.Debug|Any CPU.ActiveCfg = Debug|Any CPU
		{2FE9AA6A-BD27-438F-9941-221033E4A1DD}.Debug|Any CPU.Build.0 = Debug|Any CPU
		{2FE9AA6A-BD27-438F-9941-221033E4A1DD}.Debug|Win32.ActiveCfg = Debug|Any CPU
		{2FE9AA6A-BD27-438F-9941-221033E4A1DD}.Debug|x64.ActiveCfg = Debug|Any CPU
		{2FE9AA6A-BD27-438F-9941-221033E4A1DD}.Debug|x64.Build.0 = Debug|Any CPU
		{2FE9AA6A-BD27-438F-9941-221033E4A1DD}.Debug|x86.ActiveCfg = Debug|Any CPU
		{2FE9AA6A-BD27-438F-9941-221033E4A1DD}.Debug|x86.Build.0 = Debug|Any CPU
		{2FE9AA6A-BD27-438F-9941-221033E4A1DD}.Release|Any CPU.ActiveCfg = Release|Any CPU
		{2FE9AA6A-BD27-438F-9941-221033E4A1DD}.Release|Any CPU.Build.0 = Release|Any CPU
		{2FE9AA6A-BD27-438F-9941-221033E4A1DD}.Release|Win32.ActiveCfg = Release|Any CPU
		{2FE9AA6A-BD27-438F-9941-221033E4A1DD}.Release|Win32.Build.0 = Release|Any CPU
		{2FE9AA6A-BD27-438F-9941-221033E4A1DD}.Release|x64.ActiveCfg = Release|Any CPU
		{2FE9AA6A-BD27-438F-9941-221033E4A1DD}.Release|x64.Build.0 = Release|Any CPU
		{2FE9AA6A-BD27-438F-9941-221033E4A1DD}.Release|x86.ActiveCfg = Release|Any CPU
		{2FE9AA6A-BD27-438F-9941-221033E4A1DD}.Release|x86.Build.0 = Release|Any CPU
		{5C665383-41AC-451B-9ECE-FF9768CAF243}.Debug|Any CPU.ActiveCfg = Debug|Any CPU
		{5C665383-41AC-451B-9ECE-FF9768CAF243}.Debug|Any CPU.Build.0 = Debug|Any CPU
		{5C665383-41AC-451B-9ECE-FF9768CAF243}.Debug|Any CPU.Deploy.0 = Debug|Any CPU
		{5C665383-41AC-451B-9ECE-FF9768CAF243}.Debug|Win32.ActiveCfg = Debug|x86
		{5C665383-41AC-451B-9ECE-FF9768CAF243}.Debug|x64.ActiveCfg = Debug|x64
		{5C665383-41AC-451B-9ECE-FF9768CAF243}.Debug|x64.Build.0 = Debug|x64
		{5C665383-41AC-451B-9ECE-FF9768CAF243}.Debug|x64.Deploy.0 = Debug|x64
		{5C665383-41AC-451B-9ECE-FF9768CAF243}.Debug|x86.ActiveCfg = Debug|x86
		{5C665383-41AC-451B-9ECE-FF9768CAF243}.Debug|x86.Build.0 = Debug|x86
		{5C665383-41AC-451B-9ECE-FF9768CAF243}.Debug|x86.Deploy.0 = Debug|x86
		{5C665383-41AC-451B-9ECE-FF9768CAF243}.Release|Any CPU.ActiveCfg = Release|Any CPU
		{5C665383-41AC-451B-9ECE-FF9768CAF243}.Release|Any CPU.Build.0 = Release|Any CPU
		{5C665383-41AC-451B-9ECE-FF9768CAF243}.Release|Any CPU.Deploy.0 = Release|Any CPU
		{5C665383-41AC-451B-9ECE-FF9768CAF243}.Release|Win32.ActiveCfg = Release|x86
		{5C665383-41AC-451B-9ECE-FF9768CAF243}.Release|Win32.Build.0 = Release|x86
		{5C665383-41AC-451B-9ECE-FF9768CAF243}.Release|Win32.Deploy.0 = Release|x86
		{5C665383-41AC-451B-9ECE-FF9768CAF243}.Release|x64.ActiveCfg = Release|x64
		{5C665383-41AC-451B-9ECE-FF9768CAF243}.Release|x64.Build.0 = Release|x64
		{5C665383-41AC-451B-9ECE-FF9768CAF243}.Release|x64.Deploy.0 = Release|x64
		{5C665383-41AC-451B-9ECE-FF9768CAF243}.Release|x86.ActiveCfg = Release|x86
		{5C665383-41AC-451B-9ECE-FF9768CAF243}.Release|x86.Build.0 = Release|x86
		{5C665383-41AC-451B-9ECE-FF9768CAF243}.Release|x86.Deploy.0 = Release|x86
		{71E21926-A9BC-4B55-B804-91BEA35625D4}.Debug|Any CPU.ActiveCfg = Debug|Any CPU
		{71E21926-A9BC-4B55-B804-91BEA35625D4}.Debug|Any CPU.Build.0 = Debug|Any CPU
		{71E21926-A9BC-4B55-B804-91BEA35625D4}.Debug|Win32.ActiveCfg = Debug|Any CPU
		{71E21926-A9BC-4B55-B804-91BEA35625D4}.Debug|x64.ActiveCfg = Debug|Any CPU
		{71E21926-A9BC-4B55-B804-91BEA35625D4}.Debug|x64.Build.0 = Debug|Any CPU
		{71E21926-A9BC-4B55-B804-91BEA35625D4}.Debug|x86.ActiveCfg = Debug|Any CPU
		{71E21926-A9BC-4B55-B804-91BEA35625D4}.Debug|x86.Build.0 = Debug|Any CPU
		{71E21926-A9BC-4B55-B804-91BEA35625D4}.Release|Any CPU.ActiveCfg = Release|Any CPU
		{71E21926-A9BC-4B55-B804-91BEA35625D4}.Release|Any CPU.Build.0 = Release|Any CPU
		{71E21926-A9BC-4B55-B804-91BEA35625D4}.Release|Win32.ActiveCfg = Release|Any CPU
		{71E21926-A9BC-4B55-B804-91BEA35625D4}.Release|Win32.Build.0 = Release|Any CPU
		{71E21926-A9BC-4B55-B804-91BEA35625D4}.Release|x64.ActiveCfg = Release|Any CPU
		{71E21926-A9BC-4B55-B804-91BEA35625D4}.Release|x64.Build.0 = Release|Any CPU
		{71E21926-A9BC-4B55-B804-91BEA35625D4}.Release|x86.ActiveCfg = Release|Any CPU
		{71E21926-A9BC-4B55-B804-91BEA35625D4}.Release|x86.Build.0 = Release|Any CPU
		{42C24A77-C776-40BD-8473-CAE838B40068}.Debug|Any CPU.ActiveCfg = Debug|Win32
		{42C24A77-C776-40BD-8473-CAE838B40068}.Debug|Win32.ActiveCfg = Debug|Win32
		{42C24A77-C776-40BD-8473-CAE838B40068}.Debug|Win32.Build.0 = Debug|Win32
		{42C24A77-C776-40BD-8473-CAE838B40068}.Debug|x64.ActiveCfg = Debug|x64
		{42C24A77-C776-40BD-8473-CAE838B40068}.Debug|x64.Build.0 = Debug|x64
		{42C24A77-C776-40BD-8473-CAE838B40068}.Debug|x86.ActiveCfg = Debug|Win32
		{42C24A77-C776-40BD-8473-CAE838B40068}.Debug|x86.Build.0 = Debug|Win32
		{42C24A77-C776-40BD-8473-CAE838B40068}.Release|Any CPU.ActiveCfg = Release|Win32
		{42C24A77-C776-40BD-8473-CAE838B40068}.Release|Win32.ActiveCfg = Release|Win32
		{42C24A77-C776-40BD-8473-CAE838B40068}.Release|Win32.Build.0 = Release|Win32
		{42C24A77-C776-40BD-8473-CAE838B40068}.Release|x64.ActiveCfg = Release|x64
		{42C24A77-C776-40BD-8473-CAE838B40068}.Release|x64.Build.0 = Release|x64
		{42C24A77-C776-40BD-8473-CAE838B40068}.Release|x86.ActiveCfg = Release|Win32
		{42C24A77-C776-40BD-8473-CAE838B40068}.Release|x86.Build.0 = Release|Win32
		{43CF0829-D8A9-4F49-8191-A746BD91D647}.Debug|Any CPU.ActiveCfg = Debug|Any CPU
		{43CF0829-D8A9-4F49-8191-A746BD91D647}.Debug|Any CPU.Build.0 = Debug|Any CPU
		{43CF0829-D8A9-4F49-8191-A746BD91D647}.Debug|Win32.ActiveCfg = Debug|Any CPU
		{43CF0829-D8A9-4F49-8191-A746BD91D647}.Debug|x64.ActiveCfg = Debug|Any CPU
		{43CF0829-D8A9-4F49-8191-A746BD91D647}.Debug|x64.Build.0 = Debug|Any CPU
		{43CF0829-D8A9-4F49-8191-A746BD91D647}.Debug|x86.ActiveCfg = Debug|Any CPU
		{43CF0829-D8A9-4F49-8191-A746BD91D647}.Debug|x86.Build.0 = Debug|Any CPU
		{43CF0829-D8A9-4F49-8191-A746BD91D647}.Release|Any CPU.ActiveCfg = Release|Any CPU
		{43CF0829-D8A9-4F49-8191-A746BD91D647}.Release|Any CPU.Build.0 = Release|Any CPU
		{43CF0829-D8A9-4F49-8191-A746BD91D647}.Release|Win32.ActiveCfg = Release|Any CPU
		{43CF0829-D8A9-4F49-8191-A746BD91D647}.Release|Win32.Build.0 = Release|Any CPU
		{43CF0829-D8A9-4F49-8191-A746BD91D647}.Release|x64.ActiveCfg = Release|Any CPU
		{43CF0829-D8A9-4F49-8191-A746BD91D647}.Release|x64.Build.0 = Release|Any CPU
		{43CF0829-D8A9-4F49-8191-A746BD91D647}.Release|x86.ActiveCfg = Release|Any CPU
		{43CF0829-D8A9-4F49-8191-A746BD91D647}.Release|x86.Build.0 = Release|Any CPU
		{C6E3759C-93BE-47EC-8A29-BE16B093DDA6}.Debug|Any CPU.ActiveCfg = Debug|Win32
		{C6E3759C-93BE-47EC-8A29-BE16B093DDA6}.Debug|Win32.ActiveCfg = Debug|Win32
		{C6E3759C-93BE-47EC-8A29-BE16B093DDA6}.Debug|Win32.Build.0 = Debug|Win32
		{C6E3759C-93BE-47EC-8A29-BE16B093DDA6}.Debug|x64.ActiveCfg = Debug|x64
		{C6E3759C-93BE-47EC-8A29-BE16B093DDA6}.Debug|x64.Build.0 = Debug|x64
		{C6E3759C-93BE-47EC-8A29-BE16B093DDA6}.Debug|x86.ActiveCfg = Debug|Win32
		{C6E3759C-93BE-47EC-8A29-BE16B093DDA6}.Debug|x86.Build.0 = Debug|Win32
		{C6E3759C-93BE-47EC-8A29-BE16B093DDA6}.Release|Any CPU.ActiveCfg = Release|Win32
		{C6E3759C-93BE-47EC-8A29-BE16B093DDA6}.Release|Win32.ActiveCfg = Release|Win32
		{C6E3759C-93BE-47EC-8A29-BE16B093DDA6}.Release|Win32.Build.0 = Release|Win32
		{C6E3759C-93BE-47EC-8A29-BE16B093DDA6}.Release|x64.ActiveCfg = Release|x64
		{C6E3759C-93BE-47EC-8A29-BE16B093DDA6}.Release|x64.Build.0 = Release|x64
		{C6E3759C-93BE-47EC-8A29-BE16B093DDA6}.Release|x86.ActiveCfg = Release|Win32
		{C6E3759C-93BE-47EC-8A29-BE16B093DDA6}.Release|x86.Build.0 = Release|Win32
		{D103E448-64B1-407C-B09E-7C61AF9F2740}.Debug|Any CPU.ActiveCfg = Debug|Any CPU
		{D103E448-64B1-407C-B09E-7C61AF9F2740}.Debug|Any CPU.Build.0 = Debug|Any CPU
		{D103E448-64B1-407C-B09E-7C61AF9F2740}.Debug|Win32.ActiveCfg = Debug|Any CPU
		{D103E448-64B1-407C-B09E-7C61AF9F2740}.Debug|Win32.Build.0 = Debug|Any CPU
		{D103E448-64B1-407C-B09E-7C61AF9F2740}.Debug|x64.ActiveCfg = Debug|Any CPU
		{D103E448-64B1-407C-B09E-7C61AF9F2740}.Debug|x64.Build.0 = Debug|Any CPU
		{D103E448-64B1-407C-B09E-7C61AF9F2740}.Debug|x86.ActiveCfg = Debug|Any CPU
		{D103E448-64B1-407C-B09E-7C61AF9F2740}.Debug|x86.Build.0 = Debug|Any CPU
		{D103E448-64B1-407C-B09E-7C61AF9F2740}.Release|Any CPU.ActiveCfg = Release|Any CPU
		{D103E448-64B1-407C-B09E-7C61AF9F2740}.Release|Any CPU.Build.0 = Release|Any CPU
		{D103E448-64B1-407C-B09E-7C61AF9F2740}.Release|Win32.ActiveCfg = Release|Any CPU
		{D103E448-64B1-407C-B09E-7C61AF9F2740}.Release|Win32.Build.0 = Release|Any CPU
		{D103E448-64B1-407C-B09E-7C61AF9F2740}.Release|x64.ActiveCfg = Release|Any CPU
		{D103E448-64B1-407C-B09E-7C61AF9F2740}.Release|x64.Build.0 = Release|Any CPU
		{D103E448-64B1-407C-B09E-7C61AF9F2740}.Release|x86.ActiveCfg = Release|Any CPU
		{D103E448-64B1-407C-B09E-7C61AF9F2740}.Release|x86.Build.0 = Release|Any CPU
		{23442E02-34DA-4FC8-B49E-BF0B4625AA74}.Debug|Any CPU.ActiveCfg = Debug|Any CPU
		{23442E02-34DA-4FC8-B49E-BF0B4625AA74}.Debug|Any CPU.Build.0 = Debug|Any CPU
		{23442E02-34DA-4FC8-B49E-BF0B4625AA74}.Debug|Any CPU.Deploy.0 = Debug|Any CPU
		{23442E02-34DA-4FC8-B49E-BF0B4625AA74}.Debug|Win32.ActiveCfg = Debug|x86
		{23442E02-34DA-4FC8-B49E-BF0B4625AA74}.Debug|Win32.Build.0 = Debug|x86
		{23442E02-34DA-4FC8-B49E-BF0B4625AA74}.Debug|Win32.Deploy.0 = Debug|x86
		{23442E02-34DA-4FC8-B49E-BF0B4625AA74}.Debug|x64.ActiveCfg = Debug|x64
		{23442E02-34DA-4FC8-B49E-BF0B4625AA74}.Debug|x64.Build.0 = Debug|x64
		{23442E02-34DA-4FC8-B49E-BF0B4625AA74}.Debug|x64.Deploy.0 = Debug|x64
		{23442E02-34DA-4FC8-B49E-BF0B4625AA74}.Debug|x86.ActiveCfg = Debug|x86
		{23442E02-34DA-4FC8-B49E-BF0B4625AA74}.Debug|x86.Build.0 = Debug|x86
		{23442E02-34DA-4FC8-B49E-BF0B4625AA74}.Debug|x86.Deploy.0 = Debug|x86
		{23442E02-34DA-4FC8-B49E-BF0B4625AA74}.Release|Any CPU.ActiveCfg = Release|Any CPU
		{23442E02-34DA-4FC8-B49E-BF0B4625AA74}.Release|Any CPU.Build.0 = Release|Any CPU
		{23442E02-34DA-4FC8-B49E-BF0B4625AA74}.Release|Any CPU.Deploy.0 = Release|Any CPU
		{23442E02-34DA-4FC8-B49E-BF0B4625AA74}.Release|Win32.ActiveCfg = Release|x86
		{23442E02-34DA-4FC8-B49E-BF0B4625AA74}.Release|Win32.Build.0 = Release|x86
		{23442E02-34DA-4FC8-B49E-BF0B4625AA74}.Release|Win32.Deploy.0 = Release|x86
		{23442E02-34DA-4FC8-B49E-BF0B4625AA74}.Release|x64.ActiveCfg = Release|x64
		{23442E02-34DA-4FC8-B49E-BF0B4625AA74}.Release|x64.Build.0 = Release|x64
		{23442E02-34DA-4FC8-B49E-BF0B4625AA74}.Release|x64.Deploy.0 = Release|x64
		{23442E02-34DA-4FC8-B49E-BF0B4625AA74}.Release|x86.ActiveCfg = Release|x86
		{23442E02-34DA-4FC8-B49E-BF0B4625AA74}.Release|x86.Build.0 = Release|x86
		{23442E02-34DA-4FC8-B49E-BF0B4625AA74}.Release|x86.Deploy.0 = Release|x86
		{08EE70C2-676D-425B-9633-1C9B84605562}.Debug|Any CPU.ActiveCfg = Debug|Any CPU
		{08EE70C2-676D-425B-9633-1C9B84605562}.Debug|Any CPU.Build.0 = Debug|Any CPU
		{08EE70C2-676D-425B-9633-1C9B84605562}.Debug|Win32.ActiveCfg = Debug|Any CPU
		{08EE70C2-676D-425B-9633-1C9B84605562}.Debug|Win32.Build.0 = Debug|Any CPU
		{08EE70C2-676D-425B-9633-1C9B84605562}.Debug|x64.ActiveCfg = Debug|Any CPU
		{08EE70C2-676D-425B-9633-1C9B84605562}.Debug|x64.Build.0 = Debug|Any CPU
		{08EE70C2-676D-425B-9633-1C9B84605562}.Debug|x86.ActiveCfg = Debug|Any CPU
		{08EE70C2-676D-425B-9633-1C9B84605562}.Debug|x86.Build.0 = Debug|Any CPU
		{08EE70C2-676D-425B-9633-1C9B84605562}.Release|Any CPU.ActiveCfg = Release|Any CPU
		{08EE70C2-676D-425B-9633-1C9B84605562}.Release|Any CPU.Build.0 = Release|Any CPU
		{08EE70C2-676D-425B-9633-1C9B84605562}.Release|Win32.ActiveCfg = Release|Any CPU
		{08EE70C2-676D-425B-9633-1C9B84605562}.Release|Win32.Build.0 = Release|Any CPU
		{08EE70C2-676D-425B-9633-1C9B84605562}.Release|x64.ActiveCfg = Release|Any CPU
		{08EE70C2-676D-425B-9633-1C9B84605562}.Release|x64.Build.0 = Release|Any CPU
		{08EE70C2-676D-425B-9633-1C9B84605562}.Release|x86.ActiveCfg = Release|Any CPU
		{08EE70C2-676D-425B-9633-1C9B84605562}.Release|x86.Build.0 = Release|Any CPU
	EndGlobalSection
	GlobalSection(SolutionProperties) = preSolution
		HideSolutionNode = FALSE
	EndGlobalSection
	GlobalSection(ExtensibilityGlobals) = postSolution
		SolutionGuid = {21952B92-234C-448F-A809-F178F04019D1}
	EndGlobalSection
EndGlobal
