Microsoft Visual Studio Solution File, Format Version 12.00
# Visual Studio 15
VisualStudioVersion = 15.0.27702.1
MinimumVisualStudioVersion = 10.0.40219.1
Project("{8BC9CEB8-8B4A-11D0-8D11-00A0C91BC942}") = "Win32WebViewSampleApp", "WebViewControl\Win32\WebViewSamples.Win32\Win32WebViewSampleApp.vcxproj", "{42C24A77-C776-40BD-8473-CAE838B40068}"
EndProject
Project("{2150E333-8FDC-42A3-9474-1A3956D46DE8}") = "WebViewControl", "WebViewControl", "{88807FE3-3CFC-48FC-84A9-78BFF4E8F78F}"
EndProject
Project("{2150E333-8FDC-42A3-9474-1A3956D46DE8}") = "Win32", "Win32", "{641335ED-A5EC-44E4-82D6-A88BFA3A0BCC}"
EndProject
Project("{2150E333-8FDC-42A3-9474-1A3956D46DE8}") = "Toolkit", "Toolkit", "{E61F4C25-C3F7-44B6-9362-6F7B223B185F}"
EndProject
Project("{2150E333-8FDC-42A3-9474-1A3956D46DE8}") = "Forms", "Forms", "{CD68E019-9355-45FA-B695-4517D26EEA52}"
EndProject
Project("{2150E333-8FDC-42A3-9474-1A3956D46DE8}") = "WPF", "WPF", "{C0AD857E-3FAB-4D76-B071-2025D8823D19}"
EndProject
Project("{9A19103F-16F7-4668-BE54-9A1E7A4F7556}") = "Microsoft.Toolkit.Win32.Samples.WinForms.WebView", "Toolkit\dotnet\Forms\Microsoft.Toolkit.Win32.Samples.WinForms.WebView\Microsoft.Toolkit.Win32.Samples.WinForms.WebView.csproj", "{BDD656D8-D622-48F1-86D8-76345A6B1036}"
EndProject
Project("{9A19103F-16F7-4668-BE54-9A1E7A4F7556}") = "WebViewSamples.Forms.Designer", "Toolkit\dotnet\Forms\WebViewSamples.Forms.Designer\WebViewSamples.Forms.Designer.csproj", "{7CA0980D-FDC2-4CEC-8A03-80D2835E8A43}"
EndProject
Project("{9A19103F-16F7-4668-BE54-9A1E7A4F7556}") = "WebViewSamples.Forms.Favicons", "Toolkit\dotnet\Forms\WebViewSamples.Forms.Favicons\WebViewSamples.Forms.Favicons.csproj", "{EB3F027A-0187-4529-BAB2-E218A0C997A4}"
EndProject
Project("{9A19103F-16F7-4668-BE54-9A1E7A4F7556}") = "WebViewSamples.Forms.MultipleWebViews", "Toolkit\dotnet\Forms\WebViewSamples.Forms.MultipleWebViews\WebViewSamples.Forms.MultipleWebViews.csproj", "{9A08BF00-81B7-42F8-B6C8-14494FE7A7B6}"
EndProject
Project("{9A19103F-16F7-4668-BE54-9A1E7A4F7556}") = "WebViewSamples.Forms.NoDesigner", "Toolkit\dotnet\Forms\WebViewSamples.Forms.NoDesigner\WebViewSamples.Forms.NoDesigner.csproj", "{7CB49E13-F34A-448C-B258-065D108370D4}"
EndProject
Project("{9A19103F-16F7-4668-BE54-9A1E7A4F7556}") = "WebViewSamples.Forms.NoDesigner.SharedProc", "Toolkit\dotnet\Forms\WebViewSamples.Forms.NoDesigner.SharedProc\WebViewSamples.Forms.NoDesigner.SharedProc.csproj", "{CCFA6676-64B8-4111-AC3D-947B273A889B}"
EndProject
Project("{9A19103F-16F7-4668-BE54-9A1E7A4F7556}") = "WebViewSamples.Forms.WebViewControlProcess", "Toolkit\dotnet\Forms\WebViewSamples.Forms.WebViewControlProcess\WebViewSamples.Forms.WebViewControlProcess.csproj", "{C36AD0F1-3E35-4A0F-9202-C76EE90A7BE8}"
EndProject
Project("{9A19103F-16F7-4668-BE54-9A1E7A4F7556}") = "WebViewSamples.Forms.WebViewControlProcessHelper", "Toolkit\dotnet\Forms\WebViewSamples.Forms.WebViewControlProcessHelper\WebViewSamples.Forms.WebViewControlProcessHelper.csproj", "{F002052D-0C93-43B7-81EA-F6B72C3D25C7}"
EndProject
Project("{C7167F0D-BC9F-4E6E-AFE1-012C56B48DB5}") = "WebViewSamples.WinForms.DesktopBridge.WAP", "Toolkit\dotnet\Forms\WebViewSamples.WinForms.DesktopBridge.WAP\WebViewSamples.WinForms.DesktopBridge.WAP.wapproj", "{23442E02-34DA-4FC8-B49E-BF0B4625AA74}"
EndProject
Project("{9A19103F-16F7-4668-BE54-9A1E7A4F7556}") = "WebViewSamples.WPF.DesktopBridge", "Toolkit\dotnet\WPF\Microsoft.Toolkit.Win32.Samples.WPF.WebView\WebViewSamples.WPF.DesktopBridge.csproj", "{387CBBE6-4321-40A8-AA76-0BB6754A4E01}"
EndProject
Project("{C7167F0D-BC9F-4E6E-AFE1-012C56B48DB5}") = "WebViewSamples.WPF.DesktopBridge.WAP", "Toolkit\dotnet\WPF\Wap\WebViewSamples.WPF.DesktopBridge.WAP.wapproj", "{5C665383-41AC-451B-9ECE-FF9768CAF243}"
EndProject
Project("{9A19103F-16F7-4668-BE54-9A1E7A4F7556}") = "WebViewSamples.WPF.Designer", "Toolkit\dotnet\WPF\WebViewSamples.WPF.Designer\WebViewSamples.WPF.Designer.csproj", "{182AA4E2-B945-43F8-93ED-D39F73BC82CD}"
EndProject
Project("{9A19103F-16F7-4668-BE54-9A1E7A4F7556}") = "WebViewSamples.WPF.WebViewControlProcess", "Toolkit\dotnet\WPF\WebViewSamples.WPF.WebViewControlProcess\WebViewSamples.WPF.WebViewControlProcess.csproj", "{259F33D0-FF02-44EE-9707-A2B2E385A5C8}"
EndProject
Project("{9A19103F-16F7-4668-BE54-9A1E7A4F7556}") = "WebViewSamples.WPF.WebViewControlProcessHelper", "Toolkit\dotnet\WPF\WebViewSamples.WPF.WebViewControlProcessHelper\WebViewSamples.WPF.WebViewControlProcessHelper.csproj", "{5235B5CD-7872-47C2-83B9-F6E9745D750C}"
EndProject
Project("{9A19103F-16F7-4668-BE54-9A1E7A4F7556}") = "WebViewSamples.WPF.WebViewControlProcessHelperAsync", "Toolkit\dotnet\WPF\WebViewSamples.WPF.WebViewControlProcessHelperAsync\WebViewSamples.WPF.WebViewControlProcessHelperAsync.csproj", "{A6F7A538-ADF6-44E2-ABF2-8B66C8D837AE}"
EndProject
Global
	GlobalSection(SolutionConfigurationPlatforms) = preSolution
		Debug|Any CPU = Debug|Any CPU
		Debug|x64 = Debug|x64
		Debug|x86 = Debug|x86
		Release|Any CPU = Release|Any CPU
		Release|x64 = Release|x64
		Release|x86 = Release|x86
	EndGlobalSection
	GlobalSection(ProjectConfigurationPlatforms) = postSolution
		{42C24A77-C776-40BD-8473-CAE838B40068}.Debug|Any CPU.ActiveCfg = Debug|Win32
		{42C24A77-C776-40BD-8473-CAE838B40068}.Debug|x64.ActiveCfg = Debug|x64
		{42C24A77-C776-40BD-8473-CAE838B40068}.Debug|x64.Build.0 = Debug|x64
		{42C24A77-C776-40BD-8473-CAE838B40068}.Debug|x86.ActiveCfg = Debug|Win32
		{42C24A77-C776-40BD-8473-CAE838B40068}.Debug|x86.Build.0 = Debug|Win32
		{42C24A77-C776-40BD-8473-CAE838B40068}.Release|Any CPU.ActiveCfg = Release|Win32
		{42C24A77-C776-40BD-8473-CAE838B40068}.Release|x64.ActiveCfg = Release|x64
		{42C24A77-C776-40BD-8473-CAE838B40068}.Release|x64.Build.0 = Release|x64
		{42C24A77-C776-40BD-8473-CAE838B40068}.Release|x86.ActiveCfg = Release|Win32
		{42C24A77-C776-40BD-8473-CAE838B40068}.Release|x86.Build.0 = Release|Win32
		{BDD656D8-D622-48F1-86D8-76345A6B1036}.Debug|Any CPU.ActiveCfg = Debug|Any CPU
		{BDD656D8-D622-48F1-86D8-76345A6B1036}.Debug|Any CPU.Build.0 = Debug|Any CPU
		{BDD656D8-D622-48F1-86D8-76345A6B1036}.Debug|x64.ActiveCfg = Debug|Any CPU
		{BDD656D8-D622-48F1-86D8-76345A6B1036}.Debug|x64.Build.0 = Debug|Any CPU
		{BDD656D8-D622-48F1-86D8-76345A6B1036}.Debug|x86.ActiveCfg = Debug|Any CPU
		{BDD656D8-D622-48F1-86D8-76345A6B1036}.Debug|x86.Build.0 = Debug|Any CPU
		{BDD656D8-D622-48F1-86D8-76345A6B1036}.Release|Any CPU.ActiveCfg = Release|Any CPU
		{BDD656D8-D622-48F1-86D8-76345A6B1036}.Release|Any CPU.Build.0 = Release|Any CPU
		{BDD656D8-D622-48F1-86D8-76345A6B1036}.Release|x64.ActiveCfg = Release|Any CPU
		{BDD656D8-D622-48F1-86D8-76345A6B1036}.Release|x64.Build.0 = Release|Any CPU
		{BDD656D8-D622-48F1-86D8-76345A6B1036}.Release|x86.ActiveCfg = Release|Any CPU
		{BDD656D8-D622-48F1-86D8-76345A6B1036}.Release|x86.Build.0 = Release|Any CPU
		{7CA0980D-FDC2-4CEC-8A03-80D2835E8A43}.Debug|Any CPU.ActiveCfg = Debug|Any CPU
		{7CA0980D-FDC2-4CEC-8A03-80D2835E8A43}.Debug|Any CPU.Build.0 = Debug|Any CPU
		{7CA0980D-FDC2-4CEC-8A03-80D2835E8A43}.Debug|x64.ActiveCfg = Debug|Any CPU
		{7CA0980D-FDC2-4CEC-8A03-80D2835E8A43}.Debug|x64.Build.0 = Debug|Any CPU
		{7CA0980D-FDC2-4CEC-8A03-80D2835E8A43}.Debug|x86.ActiveCfg = Debug|Any CPU
		{7CA0980D-FDC2-4CEC-8A03-80D2835E8A43}.Debug|x86.Build.0 = Debug|Any CPU
		{7CA0980D-FDC2-4CEC-8A03-80D2835E8A43}.Release|Any CPU.ActiveCfg = Release|Any CPU
		{7CA0980D-FDC2-4CEC-8A03-80D2835E8A43}.Release|Any CPU.Build.0 = Release|Any CPU
		{7CA0980D-FDC2-4CEC-8A03-80D2835E8A43}.Release|x64.ActiveCfg = Release|Any CPU
		{7CA0980D-FDC2-4CEC-8A03-80D2835E8A43}.Release|x64.Build.0 = Release|Any CPU
		{7CA0980D-FDC2-4CEC-8A03-80D2835E8A43}.Release|x86.ActiveCfg = Release|Any CPU
		{7CA0980D-FDC2-4CEC-8A03-80D2835E8A43}.Release|x86.Build.0 = Release|Any CPU
		{EB3F027A-0187-4529-BAB2-E218A0C997A4}.Debug|Any CPU.ActiveCfg = Debug|Any CPU
		{EB3F027A-0187-4529-BAB2-E218A0C997A4}.Debug|Any CPU.Build.0 = Debug|Any CPU
		{EB3F027A-0187-4529-BAB2-E218A0C997A4}.Debug|x64.ActiveCfg = Debug|Any CPU
		{EB3F027A-0187-4529-BAB2-E218A0C997A4}.Debug|x64.Build.0 = Debug|Any CPU
		{EB3F027A-0187-4529-BAB2-E218A0C997A4}.Debug|x86.ActiveCfg = Debug|Any CPU
		{EB3F027A-0187-4529-BAB2-E218A0C997A4}.Debug|x86.Build.0 = Debug|Any CPU
		{EB3F027A-0187-4529-BAB2-E218A0C997A4}.Release|Any CPU.ActiveCfg = Release|Any CPU
		{EB3F027A-0187-4529-BAB2-E218A0C997A4}.Release|Any CPU.Build.0 = Release|Any CPU
		{EB3F027A-0187-4529-BAB2-E218A0C997A4}.Release|x64.ActiveCfg = Release|Any CPU
		{EB3F027A-0187-4529-BAB2-E218A0C997A4}.Release|x64.Build.0 = Release|Any CPU
		{EB3F027A-0187-4529-BAB2-E218A0C997A4}.Release|x86.ActiveCfg = Release|Any CPU
		{EB3F027A-0187-4529-BAB2-E218A0C997A4}.Release|x86.Build.0 = Release|Any CPU
		{9A08BF00-81B7-42F8-B6C8-14494FE7A7B6}.Debug|Any CPU.ActiveCfg = Debug|Any CPU
		{9A08BF00-81B7-42F8-B6C8-14494FE7A7B6}.Debug|Any CPU.Build.0 = Debug|Any CPU
		{9A08BF00-81B7-42F8-B6C8-14494FE7A7B6}.Debug|x64.ActiveCfg = Debug|Any CPU
		{9A08BF00-81B7-42F8-B6C8-14494FE7A7B6}.Debug|x64.Build.0 = Debug|Any CPU
		{9A08BF00-81B7-42F8-B6C8-14494FE7A7B6}.Debug|x86.ActiveCfg = Debug|Any CPU
		{9A08BF00-81B7-42F8-B6C8-14494FE7A7B6}.Debug|x86.Build.0 = Debug|Any CPU
		{9A08BF00-81B7-42F8-B6C8-14494FE7A7B6}.Release|Any CPU.ActiveCfg = Release|Any CPU
		{9A08BF00-81B7-42F8-B6C8-14494FE7A7B6}.Release|Any CPU.Build.0 = Release|Any CPU
		{9A08BF00-81B7-42F8-B6C8-14494FE7A7B6}.Release|x64.ActiveCfg = Release|Any CPU
		{9A08BF00-81B7-42F8-B6C8-14494FE7A7B6}.Release|x64.Build.0 = Release|Any CPU
		{9A08BF00-81B7-42F8-B6C8-14494FE7A7B6}.Release|x86.ActiveCfg = Release|Any CPU
		{9A08BF00-81B7-42F8-B6C8-14494FE7A7B6}.Release|x86.Build.0 = Release|Any CPU
		{7CB49E13-F34A-448C-B258-065D108370D4}.Debug|Any CPU.ActiveCfg = Debug|Any CPU
		{7CB49E13-F34A-448C-B258-065D108370D4}.Debug|Any CPU.Build.0 = Debug|Any CPU
		{7CB49E13-F34A-448C-B258-065D108370D4}.Debug|x64.ActiveCfg = Debug|Any CPU
		{7CB49E13-F34A-448C-B258-065D108370D4}.Debug|x64.Build.0 = Debug|Any CPU
		{7CB49E13-F34A-448C-B258-065D108370D4}.Debug|x86.ActiveCfg = Debug|Any CPU
		{7CB49E13-F34A-448C-B258-065D108370D4}.Debug|x86.Build.0 = Debug|Any CPU
		{7CB49E13-F34A-448C-B258-065D108370D4}.Release|Any CPU.ActiveCfg = Release|Any CPU
		{7CB49E13-F34A-448C-B258-065D108370D4}.Release|Any CPU.Build.0 = Release|Any CPU
		{7CB49E13-F34A-448C-B258-065D108370D4}.Release|x64.ActiveCfg = Release|Any CPU
		{7CB49E13-F34A-448C-B258-065D108370D4}.Release|x64.Build.0 = Release|Any CPU
		{7CB49E13-F34A-448C-B258-065D108370D4}.Release|x86.ActiveCfg = Release|Any CPU
		{7CB49E13-F34A-448C-B258-065D108370D4}.Release|x86.Build.0 = Release|Any CPU
		{CCFA6676-64B8-4111-AC3D-947B273A889B}.Debug|Any CPU.ActiveCfg = Debug|Any CPU
		{CCFA6676-64B8-4111-AC3D-947B273A889B}.Debug|Any CPU.Build.0 = Debug|Any CPU
		{CCFA6676-64B8-4111-AC3D-947B273A889B}.Debug|x64.ActiveCfg = Debug|Any CPU
		{CCFA6676-64B8-4111-AC3D-947B273A889B}.Debug|x64.Build.0 = Debug|Any CPU
		{CCFA6676-64B8-4111-AC3D-947B273A889B}.Debug|x86.ActiveCfg = Debug|Any CPU
		{CCFA6676-64B8-4111-AC3D-947B273A889B}.Debug|x86.Build.0 = Debug|Any CPU
		{CCFA6676-64B8-4111-AC3D-947B273A889B}.Release|Any CPU.ActiveCfg = Release|Any CPU
		{CCFA6676-64B8-4111-AC3D-947B273A889B}.Release|Any CPU.Build.0 = Release|Any CPU
		{CCFA6676-64B8-4111-AC3D-947B273A889B}.Release|x64.ActiveCfg = Release|Any CPU
		{CCFA6676-64B8-4111-AC3D-947B273A889B}.Release|x64.Build.0 = Release|Any CPU
		{CCFA6676-64B8-4111-AC3D-947B273A889B}.Release|x86.ActiveCfg = Release|Any CPU
		{CCFA6676-64B8-4111-AC3D-947B273A889B}.Release|x86.Build.0 = Release|Any CPU
		{C36AD0F1-3E35-4A0F-9202-C76EE90A7BE8}.Debug|Any CPU.ActiveCfg = Debug|Any CPU
		{C36AD0F1-3E35-4A0F-9202-C76EE90A7BE8}.Debug|Any CPU.Build.0 = Debug|Any CPU
		{C36AD0F1-3E35-4A0F-9202-C76EE90A7BE8}.Debug|x64.ActiveCfg = Debug|Any CPU
		{C36AD0F1-3E35-4A0F-9202-C76EE90A7BE8}.Debug|x64.Build.0 = Debug|Any CPU
		{C36AD0F1-3E35-4A0F-9202-C76EE90A7BE8}.Debug|x86.ActiveCfg = Debug|Any CPU
		{C36AD0F1-3E35-4A0F-9202-C76EE90A7BE8}.Debug|x86.Build.0 = Debug|Any CPU
		{C36AD0F1-3E35-4A0F-9202-C76EE90A7BE8}.Release|Any CPU.ActiveCfg = Release|Any CPU
		{C36AD0F1-3E35-4A0F-9202-C76EE90A7BE8}.Release|Any CPU.Build.0 = Release|Any CPU
		{C36AD0F1-3E35-4A0F-9202-C76EE90A7BE8}.Release|x64.ActiveCfg = Release|Any CPU
		{C36AD0F1-3E35-4A0F-9202-C76EE90A7BE8}.Release|x64.Build.0 = Release|Any CPU
		{C36AD0F1-3E35-4A0F-9202-C76EE90A7BE8}.Release|x86.ActiveCfg = Release|Any CPU
		{C36AD0F1-3E35-4A0F-9202-C76EE90A7BE8}.Release|x86.Build.0 = Release|Any CPU
		{F002052D-0C93-43B7-81EA-F6B72C3D25C7}.Debug|Any CPU.ActiveCfg = Debug|Any CPU
		{F002052D-0C93-43B7-81EA-F6B72C3D25C7}.Debug|Any CPU.Build.0 = Debug|Any CPU
		{F002052D-0C93-43B7-81EA-F6B72C3D25C7}.Debug|x64.ActiveCfg = Debug|Any CPU
		{F002052D-0C93-43B7-81EA-F6B72C3D25C7}.Debug|x64.Build.0 = Debug|Any CPU
		{F002052D-0C93-43B7-81EA-F6B72C3D25C7}.Debug|x86.ActiveCfg = Debug|Any CPU
		{F002052D-0C93-43B7-81EA-F6B72C3D25C7}.Debug|x86.Build.0 = Debug|Any CPU
		{F002052D-0C93-43B7-81EA-F6B72C3D25C7}.Release|Any CPU.ActiveCfg = Release|Any CPU
		{F002052D-0C93-43B7-81EA-F6B72C3D25C7}.Release|Any CPU.Build.0 = Release|Any CPU
		{F002052D-0C93-43B7-81EA-F6B72C3D25C7}.Release|x64.ActiveCfg = Release|Any CPU
		{F002052D-0C93-43B7-81EA-F6B72C3D25C7}.Release|x64.Build.0 = Release|Any CPU
		{F002052D-0C93-43B7-81EA-F6B72C3D25C7}.Release|x86.ActiveCfg = Release|Any CPU
		{F002052D-0C93-43B7-81EA-F6B72C3D25C7}.Release|x86.Build.0 = Release|Any CPU
		{23442E02-34DA-4FC8-B49E-BF0B4625AA74}.Debug|Any CPU.ActiveCfg = Debug|Any CPU
		{23442E02-34DA-4FC8-B49E-BF0B4625AA74}.Debug|Any CPU.Build.0 = Debug|Any CPU
		{23442E02-34DA-4FC8-B49E-BF0B4625AA74}.Debug|Any CPU.Deploy.0 = Debug|Any CPU
		{23442E02-34DA-4FC8-B49E-BF0B4625AA74}.Debug|x64.ActiveCfg = Debug|x64
		{23442E02-34DA-4FC8-B49E-BF0B4625AA74}.Debug|x64.Build.0 = Debug|x64
		{23442E02-34DA-4FC8-B49E-BF0B4625AA74}.Debug|x64.Deploy.0 = Debug|x64
		{23442E02-34DA-4FC8-B49E-BF0B4625AA74}.Debug|x86.ActiveCfg = Debug|x86
		{23442E02-34DA-4FC8-B49E-BF0B4625AA74}.Debug|x86.Build.0 = Debug|x86
		{23442E02-34DA-4FC8-B49E-BF0B4625AA74}.Debug|x86.Deploy.0 = Debug|x86
		{23442E02-34DA-4FC8-B49E-BF0B4625AA74}.Release|Any CPU.ActiveCfg = Release|Any CPU
		{23442E02-34DA-4FC8-B49E-BF0B4625AA74}.Release|Any CPU.Build.0 = Release|Any CPU
		{23442E02-34DA-4FC8-B49E-BF0B4625AA74}.Release|Any CPU.Deploy.0 = Release|Any CPU
		{23442E02-34DA-4FC8-B49E-BF0B4625AA74}.Release|x64.ActiveCfg = Release|x64
		{23442E02-34DA-4FC8-B49E-BF0B4625AA74}.Release|x64.Build.0 = Release|x64
		{23442E02-34DA-4FC8-B49E-BF0B4625AA74}.Release|x64.Deploy.0 = Release|x64
		{23442E02-34DA-4FC8-B49E-BF0B4625AA74}.Release|x86.ActiveCfg = Release|x86
		{23442E02-34DA-4FC8-B49E-BF0B4625AA74}.Release|x86.Build.0 = Release|x86
		{23442E02-34DA-4FC8-B49E-BF0B4625AA74}.Release|x86.Deploy.0 = Release|x86
		{387CBBE6-4321-40A8-AA76-0BB6754A4E01}.Debug|Any CPU.ActiveCfg = Debug|Any CPU
		{387CBBE6-4321-40A8-AA76-0BB6754A4E01}.Debug|Any CPU.Build.0 = Debug|Any CPU
		{387CBBE6-4321-40A8-AA76-0BB6754A4E01}.Debug|x64.ActiveCfg = Debug|Any CPU
		{387CBBE6-4321-40A8-AA76-0BB6754A4E01}.Debug|x64.Build.0 = Debug|Any CPU
		{387CBBE6-4321-40A8-AA76-0BB6754A4E01}.Debug|x86.ActiveCfg = Debug|Any CPU
		{387CBBE6-4321-40A8-AA76-0BB6754A4E01}.Debug|x86.Build.0 = Debug|Any CPU
		{387CBBE6-4321-40A8-AA76-0BB6754A4E01}.Release|Any CPU.ActiveCfg = Release|Any CPU
		{387CBBE6-4321-40A8-AA76-0BB6754A4E01}.Release|Any CPU.Build.0 = Release|Any CPU
		{387CBBE6-4321-40A8-AA76-0BB6754A4E01}.Release|x64.ActiveCfg = Release|Any CPU
		{387CBBE6-4321-40A8-AA76-0BB6754A4E01}.Release|x64.Build.0 = Release|Any CPU
		{387CBBE6-4321-40A8-AA76-0BB6754A4E01}.Release|x86.ActiveCfg = Release|Any CPU
		{387CBBE6-4321-40A8-AA76-0BB6754A4E01}.Release|x86.Build.0 = Release|Any CPU
		{5C665383-41AC-451B-9ECE-FF9768CAF243}.Debug|Any CPU.ActiveCfg = Debug|Any CPU
		{5C665383-41AC-451B-9ECE-FF9768CAF243}.Debug|Any CPU.Build.0 = Debug|Any CPU
		{5C665383-41AC-451B-9ECE-FF9768CAF243}.Debug|Any CPU.Deploy.0 = Debug|Any CPU
		{5C665383-41AC-451B-9ECE-FF9768CAF243}.Debug|x64.ActiveCfg = Debug|x64
		{5C665383-41AC-451B-9ECE-FF9768CAF243}.Debug|x64.Build.0 = Debug|x64
		{5C665383-41AC-451B-9ECE-FF9768CAF243}.Debug|x64.Deploy.0 = Debug|x64
		{5C665383-41AC-451B-9ECE-FF9768CAF243}.Debug|x86.ActiveCfg = Debug|x86
		{5C665383-41AC-451B-9ECE-FF9768CAF243}.Debug|x86.Build.0 = Debug|x86
		{5C665383-41AC-451B-9ECE-FF9768CAF243}.Debug|x86.Deploy.0 = Debug|x86
		{5C665383-41AC-451B-9ECE-FF9768CAF243}.Release|Any CPU.ActiveCfg = Release|Any CPU
		{5C665383-41AC-451B-9ECE-FF9768CAF243}.Release|Any CPU.Build.0 = Release|Any CPU
		{5C665383-41AC-451B-9ECE-FF9768CAF243}.Release|Any CPU.Deploy.0 = Release|Any CPU
		{5C665383-41AC-451B-9ECE-FF9768CAF243}.Release|x64.ActiveCfg = Release|x64
		{5C665383-41AC-451B-9ECE-FF9768CAF243}.Release|x64.Build.0 = Release|x64
		{5C665383-41AC-451B-9ECE-FF9768CAF243}.Release|x64.Deploy.0 = Release|x64
		{5C665383-41AC-451B-9ECE-FF9768CAF243}.Release|x86.ActiveCfg = Release|x86
		{5C665383-41AC-451B-9ECE-FF9768CAF243}.Release|x86.Build.0 = Release|x86
		{5C665383-41AC-451B-9ECE-FF9768CAF243}.Release|x86.Deploy.0 = Release|x86
		{182AA4E2-B945-43F8-93ED-D39F73BC82CD}.Debug|Any CPU.ActiveCfg = Debug|Any CPU
		{182AA4E2-B945-43F8-93ED-D39F73BC82CD}.Debug|Any CPU.Build.0 = Debug|Any CPU
		{182AA4E2-B945-43F8-93ED-D39F73BC82CD}.Debug|x64.ActiveCfg = Debug|Any CPU
		{182AA4E2-B945-43F8-93ED-D39F73BC82CD}.Debug|x64.Build.0 = Debug|Any CPU
		{182AA4E2-B945-43F8-93ED-D39F73BC82CD}.Debug|x86.ActiveCfg = Debug|Any CPU
		{182AA4E2-B945-43F8-93ED-D39F73BC82CD}.Debug|x86.Build.0 = Debug|Any CPU
		{182AA4E2-B945-43F8-93ED-D39F73BC82CD}.Release|Any CPU.ActiveCfg = Release|Any CPU
		{182AA4E2-B945-43F8-93ED-D39F73BC82CD}.Release|Any CPU.Build.0 = Release|Any CPU
		{182AA4E2-B945-43F8-93ED-D39F73BC82CD}.Release|x64.ActiveCfg = Release|Any CPU
		{182AA4E2-B945-43F8-93ED-D39F73BC82CD}.Release|x64.Build.0 = Release|Any CPU
		{182AA4E2-B945-43F8-93ED-D39F73BC82CD}.Release|x86.ActiveCfg = Release|Any CPU
		{182AA4E2-B945-43F8-93ED-D39F73BC82CD}.Release|x86.Build.0 = Release|Any CPU
		{259F33D0-FF02-44EE-9707-A2B2E385A5C8}.Debug|Any CPU.ActiveCfg = Debug|Any CPU
		{259F33D0-FF02-44EE-9707-A2B2E385A5C8}.Debug|Any CPU.Build.0 = Debug|Any CPU
		{259F33D0-FF02-44EE-9707-A2B2E385A5C8}.Debug|x64.ActiveCfg = Debug|Any CPU
		{259F33D0-FF02-44EE-9707-A2B2E385A5C8}.Debug|x64.Build.0 = Debug|Any CPU
		{259F33D0-FF02-44EE-9707-A2B2E385A5C8}.Debug|x86.ActiveCfg = Debug|Any CPU
		{259F33D0-FF02-44EE-9707-A2B2E385A5C8}.Debug|x86.Build.0 = Debug|Any CPU
		{259F33D0-FF02-44EE-9707-A2B2E385A5C8}.Release|Any CPU.ActiveCfg = Release|Any CPU
		{259F33D0-FF02-44EE-9707-A2B2E385A5C8}.Release|Any CPU.Build.0 = Release|Any CPU
		{259F33D0-FF02-44EE-9707-A2B2E385A5C8}.Release|x64.ActiveCfg = Release|Any CPU
		{259F33D0-FF02-44EE-9707-A2B2E385A5C8}.Release|x64.Build.0 = Release|Any CPU
		{259F33D0-FF02-44EE-9707-A2B2E385A5C8}.Release|x86.ActiveCfg = Release|Any CPU
		{259F33D0-FF02-44EE-9707-A2B2E385A5C8}.Release|x86.Build.0 = Release|Any CPU
		{5235B5CD-7872-47C2-83B9-F6E9745D750C}.Debug|Any CPU.ActiveCfg = Debug|Any CPU
		{5235B5CD-7872-47C2-83B9-F6E9745D750C}.Debug|Any CPU.Build.0 = Debug|Any CPU
		{5235B5CD-7872-47C2-83B9-F6E9745D750C}.Debug|x64.ActiveCfg = Debug|Any CPU
		{5235B5CD-7872-47C2-83B9-F6E9745D750C}.Debug|x64.Build.0 = Debug|Any CPU
		{5235B5CD-7872-47C2-83B9-F6E9745D750C}.Debug|x86.ActiveCfg = Debug|Any CPU
		{5235B5CD-7872-47C2-83B9-F6E9745D750C}.Debug|x86.Build.0 = Debug|Any CPU
		{5235B5CD-7872-47C2-83B9-F6E9745D750C}.Release|Any CPU.ActiveCfg = Release|Any CPU
		{5235B5CD-7872-47C2-83B9-F6E9745D750C}.Release|Any CPU.Build.0 = Release|Any CPU
		{5235B5CD-7872-47C2-83B9-F6E9745D750C}.Release|x64.ActiveCfg = Release|Any CPU
		{5235B5CD-7872-47C2-83B9-F6E9745D750C}.Release|x64.Build.0 = Release|Any CPU
		{5235B5CD-7872-47C2-83B9-F6E9745D750C}.Release|x86.ActiveCfg = Release|Any CPU
		{5235B5CD-7872-47C2-83B9-F6E9745D750C}.Release|x86.Build.0 = Release|Any CPU
		{A6F7A538-ADF6-44E2-ABF2-8B66C8D837AE}.Debug|Any CPU.ActiveCfg = Debug|Any CPU
		{A6F7A538-ADF6-44E2-ABF2-8B66C8D837AE}.Debug|Any CPU.Build.0 = Debug|Any CPU
		{A6F7A538-ADF6-44E2-ABF2-8B66C8D837AE}.Debug|x64.ActiveCfg = Debug|Any CPU
		{A6F7A538-ADF6-44E2-ABF2-8B66C8D837AE}.Debug|x64.Build.0 = Debug|Any CPU
		{A6F7A538-ADF6-44E2-ABF2-8B66C8D837AE}.Debug|x86.ActiveCfg = Debug|Any CPU
		{A6F7A538-ADF6-44E2-ABF2-8B66C8D837AE}.Debug|x86.Build.0 = Debug|Any CPU
		{A6F7A538-ADF6-44E2-ABF2-8B66C8D837AE}.Release|Any CPU.ActiveCfg = Release|Any CPU
		{A6F7A538-ADF6-44E2-ABF2-8B66C8D837AE}.Release|Any CPU.Build.0 = Release|Any CPU
		{A6F7A538-ADF6-44E2-ABF2-8B66C8D837AE}.Release|x64.ActiveCfg = Release|Any CPU
		{A6F7A538-ADF6-44E2-ABF2-8B66C8D837AE}.Release|x64.Build.0 = Release|Any CPU
		{A6F7A538-ADF6-44E2-ABF2-8B66C8D837AE}.Release|x86.ActiveCfg = Release|Any CPU
		{A6F7A538-ADF6-44E2-ABF2-8B66C8D837AE}.Release|x86.Build.0 = Release|Any CPU
	EndGlobalSection
	GlobalSection(SolutionProperties) = preSolution
		HideSolutionNode = FALSE
	EndGlobalSection
	GlobalSection(NestedProjects) = preSolution
		{42C24A77-C776-40BD-8473-CAE838B40068} = {641335ED-A5EC-44E4-82D6-A88BFA3A0BCC}
		{641335ED-A5EC-44E4-82D6-A88BFA3A0BCC} = {88807FE3-3CFC-48FC-84A9-78BFF4E8F78F}
		{CD68E019-9355-45FA-B695-4517D26EEA52} = {E61F4C25-C3F7-44B6-9362-6F7B223B185F}
		{C0AD857E-3FAB-4D76-B071-2025D8823D19} = {E61F4C25-C3F7-44B6-9362-6F7B223B185F}
		{BDD656D8-D622-48F1-86D8-76345A6B1036} = {CD68E019-9355-45FA-B695-4517D26EEA52}
		{7CA0980D-FDC2-4CEC-8A03-80D2835E8A43} = {CD68E019-9355-45FA-B695-4517D26EEA52}
		{EB3F027A-0187-4529-BAB2-E218A0C997A4} = {CD68E019-9355-45FA-B695-4517D26EEA52}
		{9A08BF00-81B7-42F8-B6C8-14494FE7A7B6} = {CD68E019-9355-45FA-B695-4517D26EEA52}
		{7CB49E13-F34A-448C-B258-065D108370D4} = {CD68E019-9355-45FA-B695-4517D26EEA52}
		{CCFA6676-64B8-4111-AC3D-947B273A889B} = {CD68E019-9355-45FA-B695-4517D26EEA52}
		{C36AD0F1-3E35-4A0F-9202-C76EE90A7BE8} = {CD68E019-9355-45FA-B695-4517D26EEA52}
		{F002052D-0C93-43B7-81EA-F6B72C3D25C7} = {CD68E019-9355-45FA-B695-4517D26EEA52}
		{23442E02-34DA-4FC8-B49E-BF0B4625AA74} = {CD68E019-9355-45FA-B695-4517D26EEA52}
		{387CBBE6-4321-40A8-AA76-0BB6754A4E01} = {C0AD857E-3FAB-4D76-B071-2025D8823D19}
		{5C665383-41AC-451B-9ECE-FF9768CAF243} = {C0AD857E-3FAB-4D76-B071-2025D8823D19}
		{182AA4E2-B945-43F8-93ED-D39F73BC82CD} = {C0AD857E-3FAB-4D76-B071-2025D8823D19}
		{259F33D0-FF02-44EE-9707-A2B2E385A5C8} = {C0AD857E-3FAB-4D76-B071-2025D8823D19}
		{5235B5CD-7872-47C2-83B9-F6E9745D750C} = {C0AD857E-3FAB-4D76-B071-2025D8823D19}
		{A6F7A538-ADF6-44E2-ABF2-8B66C8D837AE} = {C0AD857E-3FAB-4D76-B071-2025D8823D19}
	EndGlobalSection
	GlobalSection(ExtensibilityGlobals) = postSolution
		SolutionGuid = {B6AB0AF2-6FEE-46FC-B488-097561DB6DCD}
	EndGlobalSection
EndGlobal
