
Microsoft Visual Studio Solution File, Format Version 12.00
# Visual Studio 15
VisualStudioVersion = 15.0.27702.1
MinimumVisualStudioVersion = 10.0.40219.1
Project("{9A19103F-16F7-4668-BE54-9A1E7A4F7556}") = "WebViewSamples.Forms.Designer", "Toolkit\dotnet\WebViewSamples.Forms.Designer\WebViewSamples.Forms.Designer.csproj", "{D7FD7BEA-D6FC-4F76-8636-72BB3104C5DF}"
EndProject
Project("{9A19103F-16F7-4668-BE54-9A1E7A4F7556}") = "WebViewSamples.WPF.Designer", "Toolkit\dotnet\WebViewSamples.WPF.Designer\WebViewSamples.WPF.Designer.csproj", "{9833494F-B1E2-4A25-863A-303C0EC80287}"
EndProject
Project("{9A19103F-16F7-4668-BE54-9A1E7A4F7556}") = "WebViewSamples.Forms.NoDesigner", "Toolkit\dotnet\WebViewSamples.Forms.NoDesigner\WebViewSamples.Forms.NoDesigner.csproj", "{8F4D5F89-4F54-46B6-B369-E7E40D393AE2}"
EndProject
Project("{9A19103F-16F7-4668-BE54-9A1E7A4F7556}") = "WebViewSamples.WPF.Toolkit", "Toolkit\dotnet\Microsoft.Toolkit.Win32.Samples.WPF.WebView\WebViewSamples.WPF.Toolkit.csproj", "{2FE9AA6A-BD27-438F-9941-221033E4A1DD}"
EndProject
Project("{9A19103F-16F7-4668-BE54-9A1E7A4F7556}") = "WebViewSamples.Forms.NoDesigner.SharedProc", "Toolkit\dotnet\WebViewSamples.Forms.NoDesigner.SharedProc\WebViewSamples.Forms.NoDesigner.SharedProc.csproj", "{71E21926-A9BC-4B55-B804-91BEA35625D4}"
EndProject
Project("{8BC9CEB8-8B4A-11D0-8D11-00A0C91BC942}") = "Win32WebViewSampleApp", "WinMD\Win32\WebViewSamples.Win32\Win32WebViewSampleApp.vcxproj", "{42C24A77-C776-40BD-8473-CAE838B40068}"
EndProject
Project("{9A19103F-16F7-4668-BE54-9A1E7A4F7556}") = "WebViewSamples.Forms.Favicons", "Toolkit\dotnet\WebViewSamples.Forms.Favicons\WebViewSamples.Forms.Favicons.csproj", "{43CF0829-D8A9-4F49-8191-A746BD91D647}"
EndProject
Project("{8BC9CEB8-8B4A-11D0-8D11-00A0C91BC942}") = "Win32cppwinrtWebViewSampleApp", "WinMD\Win32\WebViewSample.Win32.cppwinrt\Win32cppwinrtWebViewSampleApp.vcxproj", "{C6E3759C-93BE-47EC-8A29-BE16B093DDA6}"
EndProject
Project("{9A19103F-16F7-4668-BE54-9A1E7A4F7556}") = "WebViewSamples.Forms.Toolkit", "Toolkit\dotnet\Microsoft.Toolkit.Win32.Samples.WinForms.WebView\WebViewSamples.Forms.Toolkit.csproj", "{D103E448-64B1-407C-B09E-7C61AF9F2740}"
EndProject
Project("{9A19103F-16F7-4668-BE54-9A1E7A4F7556}") = "WebViewSamples.Forms.MultipleWebViews", "Toolkit\dotnet\WebViewSamples.Forms.MultipleWebViews\WebViewSamples.Forms.MultipleWebViews.csproj", "{08EE70C2-676D-425B-9633-1C9B84605562}"
EndProject
Project("{2150E333-8FDC-42A3-9474-1A3956D46DE8}") = "WinMD", "WinMD", "{0DBA828C-4767-4C69-B7BA-71028577CFDC}"
EndProject
Project("{2150E333-8FDC-42A3-9474-1A3956D46DE8}") = "Win32", "Win32", "{C3C8446F-01AE-4468-BE2B-BB00D810FBF8}"
EndProject
Project("{2150E333-8FDC-42A3-9474-1A3956D46DE8}") = "Toolkit", "Toolkit", "{C2B36E66-2BB3-4F55-9E43-F72299D9555B}"
EndProject
Project("{2150E333-8FDC-42A3-9474-1A3956D46DE8}") = "dotnet", "dotnet", "{7698F53A-CB4E-4669-B7C7-6F694D26202D}"
EndProject
Project("{2150E333-8FDC-42A3-9474-1A3956D46DE8}") = "Windows Forms", "Windows Forms", "{C722670B-ABAC-455D-A215-DDF73492AD2C}"
EndProject
Project("{2150E333-8FDC-42A3-9474-1A3956D46DE8}") = "Windows Presentation Foundation", "Windows Presentation Foundation", "{000AB802-D6FB-4DB5-9880-7CCFE1BAB061}"
EndProject
Global
	GlobalSection(SolutionConfigurationPlatforms) = preSolution
		Debug|Any CPU = Debug|Any CPU
		Debug|Win32 = Debug|Win32
		Debug|x64 = Debug|x64
		Debug|x86 = Debug|x86
		Release|Any CPU = Release|Any CPU
		Release|Win32 = Release|Win32
		Release|x64 = Release|x64
		Release|x86 = Release|x86
	EndGlobalSection
	GlobalSection(ProjectConfigurationPlatforms) = postSolution
		{D7FD7BEA-D6FC-4F76-8636-72BB3104C5DF}.Debug|Any CPU.ActiveCfg = Debug|Any CPU
		{D7FD7BEA-D6FC-4F76-8636-72BB3104C5DF}.Debug|Any CPU.Build.0 = Debug|Any CPU
		{D7FD7BEA-D6FC-4F76-8636-72BB3104C5DF}.Debug|Win32.ActiveCfg = Debug|Any CPU
		{D7FD7BEA-D6FC-4F76-8636-72BB3104C5DF}.Debug|x64.ActiveCfg = Debug|Any CPU
		{D7FD7BEA-D6FC-4F76-8636-72BB3104C5DF}.Debug|x64.Build.0 = Debug|Any CPU
		{D7FD7BEA-D6FC-4F76-8636-72BB3104C5DF}.Debug|x86.ActiveCfg = Debug|Any CPU
		{D7FD7BEA-D6FC-4F76-8636-72BB3104C5DF}.Debug|x86.Build.0 = Debug|Any CPU
		{D7FD7BEA-D6FC-4F76-8636-72BB3104C5DF}.Release|Any CPU.ActiveCfg = Release|Any CPU
		{D7FD7BEA-D6FC-4F76-8636-72BB3104C5DF}.Release|Any CPU.Build.0 = Release|Any CPU
		{D7FD7BEA-D6FC-4F76-8636-72BB3104C5DF}.Release|Win32.ActiveCfg = Release|Any CPU
		{D7FD7BEA-D6FC-4F76-8636-72BB3104C5DF}.Release|Win32.Build.0 = Release|Any CPU
		{D7FD7BEA-D6FC-4F76-8636-72BB3104C5DF}.Release|x64.ActiveCfg = Release|Any CPU
		{D7FD7BEA-D6FC-4F76-8636-72BB3104C5DF}.Release|x64.Build.0 = Release|Any CPU
		{D7FD7BEA-D6FC-4F76-8636-72BB3104C5DF}.Release|x86.ActiveCfg = Release|Any CPU
		{D7FD7BEA-D6FC-4F76-8636-72BB3104C5DF}.Release|x86.Build.0 = Release|Any CPU
		{9833494F-B1E2-4A25-863A-303C0EC80287}.Debug|Any CPU.ActiveCfg = Debug|Any CPU
		{9833494F-B1E2-4A25-863A-303C0EC80287}.Debug|Any CPU.Build.0 = Debug|Any CPU
		{9833494F-B1E2-4A25-863A-303C0EC80287}.Debug|Win32.ActiveCfg = Debug|Any CPU
		{9833494F-B1E2-4A25-863A-303C0EC80287}.Debug|x64.ActiveCfg = Debug|Any CPU
		{9833494F-B1E2-4A25-863A-303C0EC80287}.Debug|x64.Build.0 = Debug|Any CPU
		{9833494F-B1E2-4A25-863A-303C0EC80287}.Debug|x86.ActiveCfg = Debug|Any CPU
		{9833494F-B1E2-4A25-863A-303C0EC80287}.Debug|x86.Build.0 = Debug|Any CPU
		{9833494F-B1E2-4A25-863A-303C0EC80287}.Release|Any CPU.ActiveCfg = Release|Any CPU
		{9833494F-B1E2-4A25-863A-303C0EC80287}.Release|Any CPU.Build.0 = Release|Any CPU
		{9833494F-B1E2-4A25-863A-303C0EC80287}.Release|Win32.ActiveCfg = Release|Any CPU
		{9833494F-B1E2-4A25-863A-303C0EC80287}.Release|Win32.Build.0 = Release|Any CPU
		{9833494F-B1E2-4A25-863A-303C0EC80287}.Release|x64.ActiveCfg = Release|Any CPU
		{9833494F-B1E2-4A25-863A-303C0EC80287}.Release|x64.Build.0 = Release|Any CPU
		{9833494F-B1E2-4A25-863A-303C0EC80287}.Release|x86.ActiveCfg = Release|Any CPU
		{9833494F-B1E2-4A25-863A-303C0EC80287}.Release|x86.Build.0 = Release|Any CPU
		{8F4D5F89-4F54-46B6-B369-E7E40D393AE2}.Debug|Any CPU.ActiveCfg = Debug|Any CPU
		{8F4D5F89-4F54-46B6-B369-E7E40D393AE2}.Debug|Any CPU.Build.0 = Debug|Any CPU
		{8F4D5F89-4F54-46B6-B369-E7E40D393AE2}.Debug|Win32.ActiveCfg = Debug|Any CPU
		{8F4D5F89-4F54-46B6-B369-E7E40D393AE2}.Debug|x64.ActiveCfg = Debug|Any CPU
		{8F4D5F89-4F54-46B6-B369-E7E40D393AE2}.Debug|x64.Build.0 = Debug|Any CPU
		{8F4D5F89-4F54-46B6-B369-E7E40D393AE2}.Debug|x86.ActiveCfg = Debug|Any CPU
		{8F4D5F89-4F54-46B6-B369-E7E40D393AE2}.Debug|x86.Build.0 = Debug|Any CPU
		{8F4D5F89-4F54-46B6-B369-E7E40D393AE2}.Release|Any CPU.ActiveCfg = Release|Any CPU
		{8F4D5F89-4F54-46B6-B369-E7E40D393AE2}.Release|Any CPU.Build.0 = Release|Any CPU
		{8F4D5F89-4F54-46B6-B369-E7E40D393AE2}.Release|Win32.ActiveCfg = Release|Any CPU
		{8F4D5F89-4F54-46B6-B369-E7E40D393AE2}.Release|Win32.Build.0 = Release|Any CPU
		{8F4D5F89-4F54-46B6-B369-E7E40D393AE2}.Release|x64.ActiveCfg = Release|Any CPU
		{8F4D5F89-4F54-46B6-B369-E7E40D393AE2}.Release|x64.Build.0 = Release|Any CPU
		{8F4D5F89-4F54-46B6-B369-E7E40D393AE2}.Release|x86.ActiveCfg = Release|Any CPU
		{8F4D5F89-4F54-46B6-B369-E7E40D393AE2}.Release|x86.Build.0 = Release|Any CPU
		{2FE9AA6A-BD27-438F-9941-221033E4A1DD}.Debug|Any CPU.ActiveCfg = Debug|Any CPU
		{2FE9AA6A-BD27-438F-9941-221033E4A1DD}.Debug|Any CPU.Build.0 = Debug|Any CPU
		{2FE9AA6A-BD27-438F-9941-221033E4A1DD}.Debug|Win32.ActiveCfg = Debug|Any CPU
		{2FE9AA6A-BD27-438F-9941-221033E4A1DD}.Debug|x64.ActiveCfg = Debug|Any CPU
		{2FE9AA6A-BD27-438F-9941-221033E4A1DD}.Debug|x64.Build.0 = Debug|Any CPU
		{2FE9AA6A-BD27-438F-9941-221033E4A1DD}.Debug|x86.ActiveCfg = Debug|Any CPU
		{2FE9AA6A-BD27-438F-9941-221033E4A1DD}.Debug|x86.Build.0 = Debug|Any CPU
		{2FE9AA6A-BD27-438F-9941-221033E4A1DD}.Release|Any CPU.ActiveCfg = Release|Any CPU
		{2FE9AA6A-BD27-438F-9941-221033E4A1DD}.Release|Any CPU.Build.0 = Release|Any CPU
		{2FE9AA6A-BD27-438F-9941-221033E4A1DD}.Release|Win32.ActiveCfg = Release|Any CPU
		{2FE9AA6A-BD27-438F-9941-221033E4A1DD}.Release|Win32.Build.0 = Release|Any CPU
		{2FE9AA6A-BD27-438F-9941-221033E4A1DD}.Release|x64.ActiveCfg = Release|Any CPU
		{2FE9AA6A-BD27-438F-9941-221033E4A1DD}.Release|x64.Build.0 = Release|Any CPU
		{2FE9AA6A-BD27-438F-9941-221033E4A1DD}.Release|x86.ActiveCfg = Release|Any CPU
		{2FE9AA6A-BD27-438F-9941-221033E4A1DD}.Release|x86.Build.0 = Release|Any CPU
		{71E21926-A9BC-4B55-B804-91BEA35625D4}.Debug|Any CPU.ActiveCfg = Debug|Any CPU
		{71E21926-A9BC-4B55-B804-91BEA35625D4}.Debug|Any CPU.Build.0 = Debug|Any CPU
		{71E21926-A9BC-4B55-B804-91BEA35625D4}.Debug|Win32.ActiveCfg = Debug|Any CPU
		{71E21926-A9BC-4B55-B804-91BEA35625D4}.Debug|x64.ActiveCfg = Debug|Any CPU
		{71E21926-A9BC-4B55-B804-91BEA35625D4}.Debug|x64.Build.0 = Debug|Any CPU
		{71E21926-A9BC-4B55-B804-91BEA35625D4}.Debug|x86.ActiveCfg = Debug|Any CPU
		{71E21926-A9BC-4B55-B804-91BEA35625D4}.Debug|x86.Build.0 = Debug|Any CPU
		{71E21926-A9BC-4B55-B804-91BEA35625D4}.Release|Any CPU.ActiveCfg = Release|Any CPU
		{71E21926-A9BC-4B55-B804-91BEA35625D4}.Release|Any CPU.Build.0 = Release|Any CPU
		{71E21926-A9BC-4B55-B804-91BEA35625D4}.Release|Win32.ActiveCfg = Release|Any CPU
		{71E21926-A9BC-4B55-B804-91BEA35625D4}.Release|Win32.Build.0 = Release|Any CPU
		{71E21926-A9BC-4B55-B804-91BEA35625D4}.Release|x64.ActiveCfg = Release|Any CPU
		{71E21926-A9BC-4B55-B804-91BEA35625D4}.Release|x64.Build.0 = Release|Any CPU
		{71E21926-A9BC-4B55-B804-91BEA35625D4}.Release|x86.ActiveCfg = Release|Any CPU
		{71E21926-A9BC-4B55-B804-91BEA35625D4}.Release|x86.Build.0 = Release|Any CPU
		{42C24A77-C776-40BD-8473-CAE838B40068}.Debug|Any CPU.ActiveCfg = Debug|Win32
		{42C24A77-C776-40BD-8473-CAE838B40068}.Debug|Win32.ActiveCfg = Debug|Win32
		{42C24A77-C776-40BD-8473-CAE838B40068}.Debug|Win32.Build.0 = Debug|Win32
		{42C24A77-C776-40BD-8473-CAE838B40068}.Debug|x64.ActiveCfg = Debug|x64
		{42C24A77-C776-40BD-8473-CAE838B40068}.Debug|x64.Build.0 = Debug|x64
		{42C24A77-C776-40BD-8473-CAE838B40068}.Debug|x86.ActiveCfg = Debug|Win32
		{42C24A77-C776-40BD-8473-CAE838B40068}.Debug|x86.Build.0 = Debug|Win32
		{42C24A77-C776-40BD-8473-CAE838B40068}.Release|Any CPU.ActiveCfg = Release|Win32
		{42C24A77-C776-40BD-8473-CAE838B40068}.Release|Win32.ActiveCfg = Release|Win32
		{42C24A77-C776-40BD-8473-CAE838B40068}.Release|Win32.Build.0 = Release|Win32
		{42C24A77-C776-40BD-8473-CAE838B40068}.Release|x64.ActiveCfg = Release|x64
		{42C24A77-C776-40BD-8473-CAE838B40068}.Release|x64.Build.0 = Release|x64
		{42C24A77-C776-40BD-8473-CAE838B40068}.Release|x86.ActiveCfg = Release|Win32
		{42C24A77-C776-40BD-8473-CAE838B40068}.Release|x86.Build.0 = Release|Win32
		{43CF0829-D8A9-4F49-8191-A746BD91D647}.Debug|Any CPU.ActiveCfg = Debug|Any CPU
		{43CF0829-D8A9-4F49-8191-A746BD91D647}.Debug|Any CPU.Build.0 = Debug|Any CPU
		{43CF0829-D8A9-4F49-8191-A746BD91D647}.Debug|Win32.ActiveCfg = Debug|Any CPU
		{43CF0829-D8A9-4F49-8191-A746BD91D647}.Debug|x64.ActiveCfg = Debug|Any CPU
		{43CF0829-D8A9-4F49-8191-A746BD91D647}.Debug|x64.Build.0 = Debug|Any CPU
		{43CF0829-D8A9-4F49-8191-A746BD91D647}.Debug|x86.ActiveCfg = Debug|Any CPU
		{43CF0829-D8A9-4F49-8191-A746BD91D647}.Debug|x86.Build.0 = Debug|Any CPU
		{43CF0829-D8A9-4F49-8191-A746BD91D647}.Release|Any CPU.ActiveCfg = Release|Any CPU
		{43CF0829-D8A9-4F49-8191-A746BD91D647}.Release|Any CPU.Build.0 = Release|Any CPU
		{43CF0829-D8A9-4F49-8191-A746BD91D647}.Release|Win32.ActiveCfg = Release|Any CPU
		{43CF0829-D8A9-4F49-8191-A746BD91D647}.Release|Win32.Build.0 = Release|Any CPU
		{43CF0829-D8A9-4F49-8191-A746BD91D647}.Release|x64.ActiveCfg = Release|Any CPU
		{43CF0829-D8A9-4F49-8191-A746BD91D647}.Release|x64.Build.0 = Release|Any CPU
		{43CF0829-D8A9-4F49-8191-A746BD91D647}.Release|x86.ActiveCfg = Release|Any CPU
		{43CF0829-D8A9-4F49-8191-A746BD91D647}.Release|x86.Build.0 = Release|Any CPU
		{C6E3759C-93BE-47EC-8A29-BE16B093DDA6}.Debug|Any CPU.ActiveCfg = Debug|Win32
		{C6E3759C-93BE-47EC-8A29-BE16B093DDA6}.Debug|Win32.ActiveCfg = Debug|Win32
		{C6E3759C-93BE-47EC-8A29-BE16B093DDA6}.Debug|Win32.Build.0 = Debug|Win32
		{C6E3759C-93BE-47EC-8A29-BE16B093DDA6}.Debug|x64.ActiveCfg = Debug|x64
		{C6E3759C-93BE-47EC-8A29-BE16B093DDA6}.Debug|x64.Build.0 = Debug|x64
		{C6E3759C-93BE-47EC-8A29-BE16B093DDA6}.Debug|x86.ActiveCfg = Debug|Win32
		{C6E3759C-93BE-47EC-8A29-BE16B093DDA6}.Debug|x86.Build.0 = Debug|Win32
		{C6E3759C-93BE-47EC-8A29-BE16B093DDA6}.Release|Any CPU.ActiveCfg = Release|Win32
		{C6E3759C-93BE-47EC-8A29-BE16B093DDA6}.Release|Win32.ActiveCfg = Release|Win32
		{C6E3759C-93BE-47EC-8A29-BE16B093DDA6}.Release|Win32.Build.0 = Release|Win32
		{C6E3759C-93BE-47EC-8A29-BE16B093DDA6}.Release|x64.ActiveCfg = Release|x64
		{C6E3759C-93BE-47EC-8A29-BE16B093DDA6}.Release|x64.Build.0 = Release|x64
		{C6E3759C-93BE-47EC-8A29-BE16B093DDA6}.Release|x86.ActiveCfg = Release|Win32
		{C6E3759C-93BE-47EC-8A29-BE16B093DDA6}.Release|x86.Build.0 = Release|Win32
		{D103E448-64B1-407C-B09E-7C61AF9F2740}.Debug|Any CPU.ActiveCfg = Debug|Any CPU
		{D103E448-64B1-407C-B09E-7C61AF9F2740}.Debug|Any CPU.Build.0 = Debug|Any CPU
		{D103E448-64B1-407C-B09E-7C61AF9F2740}.Debug|Win32.ActiveCfg = Debug|Any CPU
		{D103E448-64B1-407C-B09E-7C61AF9F2740}.Debug|Win32.Build.0 = Debug|Any CPU
		{D103E448-64B1-407C-B09E-7C61AF9F2740}.Debug|x64.ActiveCfg = Debug|Any CPU
		{D103E448-64B1-407C-B09E-7C61AF9F2740}.Debug|x64.Build.0 = Debug|Any CPU
		{D103E448-64B1-407C-B09E-7C61AF9F2740}.Debug|x86.ActiveCfg = Debug|Any CPU
		{D103E448-64B1-407C-B09E-7C61AF9F2740}.Debug|x86.Build.0 = Debug|Any CPU
		{D103E448-64B1-407C-B09E-7C61AF9F2740}.Release|Any CPU.ActiveCfg = Release|Any CPU
		{D103E448-64B1-407C-B09E-7C61AF9F2740}.Release|Any CPU.Build.0 = Release|Any CPU
		{D103E448-64B1-407C-B09E-7C61AF9F2740}.Release|Win32.ActiveCfg = Release|Any CPU
		{D103E448-64B1-407C-B09E-7C61AF9F2740}.Release|Win32.Build.0 = Release|Any CPU
		{D103E448-64B1-407C-B09E-7C61AF9F2740}.Release|x64.ActiveCfg = Release|Any CPU
		{D103E448-64B1-407C-B09E-7C61AF9F2740}.Release|x64.Build.0 = Release|Any CPU
		{D103E448-64B1-407C-B09E-7C61AF9F2740}.Release|x86.ActiveCfg = Release|Any CPU
		{D103E448-64B1-407C-B09E-7C61AF9F2740}.Release|x86.Build.0 = Release|Any CPU
		{08EE70C2-676D-425B-9633-1C9B84605562}.Debug|Any CPU.ActiveCfg = Debug|Any CPU
		{08EE70C2-676D-425B-9633-1C9B84605562}.Debug|Any CPU.Build.0 = Debug|Any CPU
		{08EE70C2-676D-425B-9633-1C9B84605562}.Debug|Win32.ActiveCfg = Debug|Any CPU
		{08EE70C2-676D-425B-9633-1C9B84605562}.Debug|Win32.Build.0 = Debug|Any CPU
		{08EE70C2-676D-425B-9633-1C9B84605562}.Debug|x64.ActiveCfg = Debug|Any CPU
		{08EE70C2-676D-425B-9633-1C9B84605562}.Debug|x64.Build.0 = Debug|Any CPU
		{08EE70C2-676D-425B-9633-1C9B84605562}.Debug|x86.ActiveCfg = Debug|Any CPU
		{08EE70C2-676D-425B-9633-1C9B84605562}.Debug|x86.Build.0 = Debug|Any CPU
		{08EE70C2-676D-425B-9633-1C9B84605562}.Release|Any CPU.ActiveCfg = Release|Any CPU
		{08EE70C2-676D-425B-9633-1C9B84605562}.Release|Any CPU.Build.0 = Release|Any CPU
		{08EE70C2-676D-425B-9633-1C9B84605562}.Release|Win32.ActiveCfg = Release|Any CPU
		{08EE70C2-676D-425B-9633-1C9B84605562}.Release|Win32.Build.0 = Release|Any CPU
		{08EE70C2-676D-425B-9633-1C9B84605562}.Release|x64.ActiveCfg = Release|Any CPU
		{08EE70C2-676D-425B-9633-1C9B84605562}.Release|x64.Build.0 = Release|Any CPU
		{08EE70C2-676D-425B-9633-1C9B84605562}.Release|x86.ActiveCfg = Release|Any CPU
		{08EE70C2-676D-425B-9633-1C9B84605562}.Release|x86.Build.0 = Release|Any CPU
	EndGlobalSection
	GlobalSection(SolutionProperties) = preSolution
		HideSolutionNode = FALSE
	EndGlobalSection
	GlobalSection(NestedProjects) = preSolution
		{D7FD7BEA-D6FC-4F76-8636-72BB3104C5DF} = {C722670B-ABAC-455D-A215-DDF73492AD2C}
		{9833494F-B1E2-4A25-863A-303C0EC80287} = {000AB802-D6FB-4DB5-9880-7CCFE1BAB061}
		{8F4D5F89-4F54-46B6-B369-E7E40D393AE2} = {C722670B-ABAC-455D-A215-DDF73492AD2C}
		{2FE9AA6A-BD27-438F-9941-221033E4A1DD} = {000AB802-D6FB-4DB5-9880-7CCFE1BAB061}
		{71E21926-A9BC-4B55-B804-91BEA35625D4} = {C722670B-ABAC-455D-A215-DDF73492AD2C}
		{42C24A77-C776-40BD-8473-CAE838B40068} = {C3C8446F-01AE-4468-BE2B-BB00D810FBF8}
		{43CF0829-D8A9-4F49-8191-A746BD91D647} = {C722670B-ABAC-455D-A215-DDF73492AD2C}
		{C6E3759C-93BE-47EC-8A29-BE16B093DDA6} = {C3C8446F-01AE-4468-BE2B-BB00D810FBF8}
		{D103E448-64B1-407C-B09E-7C61AF9F2740} = {C722670B-ABAC-455D-A215-DDF73492AD2C}
		{08EE70C2-676D-425B-9633-1C9B84605562} = {C722670B-ABAC-455D-A215-DDF73492AD2C}
		{C3C8446F-01AE-4468-BE2B-BB00D810FBF8} = {0DBA828C-4767-4C69-B7BA-71028577CFDC}
		{7698F53A-CB4E-4669-B7C7-6F694D26202D} = {C2B36E66-2BB3-4F55-9E43-F72299D9555B}
		{C722670B-ABAC-455D-A215-DDF73492AD2C} = {7698F53A-CB4E-4669-B7C7-6F694D26202D}
		{000AB802-D6FB-4DB5-9880-7CCFE1BAB061} = {7698F53A-CB4E-4669-B7C7-6F694D26202D}
	EndGlobalSection
	GlobalSection(ExtensibilityGlobals) = postSolution
		SolutionGuid = {21952B92-234C-448F-A809-F178F04019D1}
	EndGlobalSection
EndGlobal
